// !$*UTF8*$!
{
	archiveVersion = 1;
	classes = {
	};
	objectVersion = 46;
	objects = {

/* Begin PBXBuildFile section */
		9F1A32C719FB65210001DFCC /* TestViewController.m in Sources */ = {isa = PBXBuildFile; fileRef = 9F1A32C619FB65210001DFCC /* TestViewController.m */; };
		9F2F763E1A139EA700E6A76C /* SearchResultController.m in Sources */ = {isa = PBXBuildFile; fileRef = 9F2F763D1A139EA700E6A76C /* SearchResultController.m */; };
		9F2F76401A13A7A500E6A76C /* TableCell.xib in Resources */ = {isa = PBXBuildFile; fileRef = 9F2F763F1A13A7A500E6A76C /* TableCell.xib */; };
		9F5FD35D19F54BC500274E6A /* MapKit.framework in Frameworks */ = {isa = PBXBuildFile; fileRef = 9F5FD35C19F54BC500274E6A /* MapKit.framework */; };
		9F993D8019EC1BC20030310C /* WriteDailyViewController.m in Sources */ = {isa = PBXBuildFile; fileRef = 9F993D7F19EC1BC20030310C /* WriteDailyViewController.m */; };
		9FBA0FE71A125D480032BD34 /* MyResultTableViewController.m in Sources */ = {isa = PBXBuildFile; fileRef = 9FBA0FE61A125D480032BD34 /* MyResultTableViewController.m */; };
		9FFD96FA19F1431E004D5AF2 /* AsyncImageView.m in Sources */ = {isa = PBXBuildFile; fileRef = 9FFD96F919F1431E004D5AF2 /* AsyncImageView.m */; };
		D00E0F5119F1149E00BD072E /* PAImageView.m in Sources */ = {isa = PBXBuildFile; fileRef = D00E0F5019F1149E00BD072E /* PAImageView.m */; };
		D013B91319F8B4AE00DC5AA2 /* ASPopUpView.m in Sources */ = {isa = PBXBuildFile; fileRef = D013B91019F8B4AE00DC5AA2 /* ASPopUpView.m */; };
		D013B91419F8B4AE00DC5AA2 /* ASProgressPopUpView.m in Sources */ = {isa = PBXBuildFile; fileRef = D013B91219F8B4AE00DC5AA2 /* ASProgressPopUpView.m */; };
		D013B91619F8C7FF00DC5AA2 /* QiniuUploadDelegate.h in Sources */ = {isa = PBXBuildFile; fileRef = D013B91519F8C76C00DC5AA2 /* QiniuUploadDelegate.h */; };
		D013B91919F8C9A800DC5AA2 /* QiniuSimpleUploader.m in Sources */ = {isa = PBXBuildFile; fileRef = D013B91819F8C9A800DC5AA2 /* QiniuSimpleUploader.m */; };
		D013B92819F8CE6E00DC5AA2 /* QiniuBlkputRet.m in Sources */ = {isa = PBXBuildFile; fileRef = D013B91B19F8CE6E00DC5AA2 /* QiniuBlkputRet.m */; };
		D013B92919F8CE6E00DC5AA2 /* QiniuConfig.m in Sources */ = {isa = PBXBuildFile; fileRef = D013B91D19F8CE6E00DC5AA2 /* QiniuConfig.m */; };
		D013B92A19F8CE6E00DC5AA2 /* QiniuHttpClient.m in Sources */ = {isa = PBXBuildFile; fileRef = D013B91F19F8CE6E00DC5AA2 /* QiniuHttpClient.m */; };
		D013B92B19F8CE6E00DC5AA2 /* QiniuResumableClient.m in Sources */ = {isa = PBXBuildFile; fileRef = D013B92119F8CE6E00DC5AA2 /* QiniuResumableClient.m */; };
		D013B92C19F8CE6E00DC5AA2 /* QiniuResumableUploader.m in Sources */ = {isa = PBXBuildFile; fileRef = D013B92319F8CE6E00DC5AA2 /* QiniuResumableUploader.m */; };
		D013B92D19F8CE6E00DC5AA2 /* QiniuUtils.m in Sources */ = {isa = PBXBuildFile; fileRef = D013B92719F8CE6E00DC5AA2 /* QiniuUtils.m */; };
		D027E9B319ED29D0007A3EB9 /* DailyOne.m in Sources */ = {isa = PBXBuildFile; fileRef = D027E9B219ED29D0007A3EB9 /* DailyOne.m */; };
		D054E20E19F7976E00CB95F8 /* MKAnnotationView+WebCache.m in Sources */ = {isa = PBXBuildFile; fileRef = D054E1EE19F7976E00CB95F8 /* MKAnnotationView+WebCache.m */; };
		D054E20F19F7976E00CB95F8 /* NSData+ImageContentType.m in Sources */ = {isa = PBXBuildFile; fileRef = D054E1F019F7976E00CB95F8 /* NSData+ImageContentType.m */; };
		D054E21019F7976E00CB95F8 /* SDImageCache.m in Sources */ = {isa = PBXBuildFile; fileRef = D054E1F219F7976E00CB95F8 /* SDImageCache.m */; };
		D054E21119F7976E00CB95F8 /* SDWebImageCompat.m in Sources */ = {isa = PBXBuildFile; fileRef = D054E1F419F7976E00CB95F8 /* SDWebImageCompat.m */; };
		D054E21219F7976E00CB95F8 /* SDWebImageDecoder.m in Sources */ = {isa = PBXBuildFile; fileRef = D054E1F619F7976E00CB95F8 /* SDWebImageDecoder.m */; };
		D054E21319F7976E00CB95F8 /* SDWebImageDownloader.m in Sources */ = {isa = PBXBuildFile; fileRef = D054E1F819F7976E00CB95F8 /* SDWebImageDownloader.m */; };
		D054E21419F7976E00CB95F8 /* SDWebImageDownloaderOperation.m in Sources */ = {isa = PBXBuildFile; fileRef = D054E1FA19F7976E00CB95F8 /* SDWebImageDownloaderOperation.m */; };
		D054E21519F7976E00CB95F8 /* SDWebImageManager.m in Sources */ = {isa = PBXBuildFile; fileRef = D054E1FC19F7976E00CB95F8 /* SDWebImageManager.m */; };
		D054E21619F7976E00CB95F8 /* SDWebImagePrefetcher.m in Sources */ = {isa = PBXBuildFile; fileRef = D054E1FF19F7976E00CB95F8 /* SDWebImagePrefetcher.m */; };
		D054E21719F7976E00CB95F8 /* UIButton+WebCache.m in Sources */ = {isa = PBXBuildFile; fileRef = D054E20119F7976E00CB95F8 /* UIButton+WebCache.m */; };
		D054E21819F7976E00CB95F8 /* UIImage+GIF.m in Sources */ = {isa = PBXBuildFile; fileRef = D054E20319F7976E00CB95F8 /* UIImage+GIF.m */; };
		D054E21919F7976E00CB95F8 /* UIImage+MultiFormat.m in Sources */ = {isa = PBXBuildFile; fileRef = D054E20519F7976E00CB95F8 /* UIImage+MultiFormat.m */; };
		D054E21A19F7976E00CB95F8 /* UIImage+WebP.m in Sources */ = {isa = PBXBuildFile; fileRef = D054E20719F7976E00CB95F8 /* UIImage+WebP.m */; };
		D054E21B19F7976E00CB95F8 /* UIImageView+HighlightedWebCache.m in Sources */ = {isa = PBXBuildFile; fileRef = D054E20919F7976E00CB95F8 /* UIImageView+HighlightedWebCache.m */; };
		D054E21C19F7976E00CB95F8 /* UIImageView+WebCache.m in Sources */ = {isa = PBXBuildFile; fileRef = D054E20B19F7976E00CB95F8 /* UIImageView+WebCache.m */; };
		D054E21D19F7976E00CB95F8 /* UIView+WebCacheOperation.m in Sources */ = {isa = PBXBuildFile; fileRef = D054E20D19F7976E00CB95F8 /* UIView+WebCacheOperation.m */; };
		D05C1E6319F4C63F005F6504 /* MJRefresh.bundle in Resources */ = {isa = PBXBuildFile; fileRef = D05C1E5319F4C63F005F6504 /* MJRefresh.bundle */; };
		D05C1E6419F4C63F005F6504 /* MJRefreshBaseView.m in Sources */ = {isa = PBXBuildFile; fileRef = D05C1E5619F4C63F005F6504 /* MJRefreshBaseView.m */; };
		D05C1E6519F4C63F005F6504 /* MJRefreshConst.m in Sources */ = {isa = PBXBuildFile; fileRef = D05C1E5819F4C63F005F6504 /* MJRefreshConst.m */; };
		D05C1E6619F4C63F005F6504 /* MJRefreshFooterView.m in Sources */ = {isa = PBXBuildFile; fileRef = D05C1E5A19F4C63F005F6504 /* MJRefreshFooterView.m */; };
		D05C1E6719F4C63F005F6504 /* MJRefreshHeaderView.m in Sources */ = {isa = PBXBuildFile; fileRef = D05C1E5C19F4C63F005F6504 /* MJRefreshHeaderView.m */; };
		D05C1E6819F4C63F005F6504 /* UIScrollView+MJExtension.m in Sources */ = {isa = PBXBuildFile; fileRef = D05C1E5E19F4C63F005F6504 /* UIScrollView+MJExtension.m */; };
		D05C1E6919F4C63F005F6504 /* UIScrollView+MJRefresh.m in Sources */ = {isa = PBXBuildFile; fileRef = D05C1E6019F4C63F005F6504 /* UIScrollView+MJRefresh.m */; };
		D05C1E6A19F4C63F005F6504 /* UIView+MJExtension.m in Sources */ = {isa = PBXBuildFile; fileRef = D05C1E6219F4C63F005F6504 /* UIView+MJExtension.m */; };
		D06B453319F0F3E300D1FE72 /* QNConfig.m in Sources */ = {isa = PBXBuildFile; fileRef = D06B451719F0F3E300D1FE72 /* QNConfig.m */; };
		D06B453419F0F3E300D1FE72 /* QNCrc32.m in Sources */ = {isa = PBXBuildFile; fileRef = D06B451919F0F3E300D1FE72 /* QNCrc32.m */; };
		D06B453519F0F3E300D1FE72 /* QNEtag.m in Sources */ = {isa = PBXBuildFile; fileRef = D06B451B19F0F3E300D1FE72 /* QNEtag.m */; };
		D06B453619F0F3E300D1FE72 /* QNUrlSafeBase64.m in Sources */ = {isa = PBXBuildFile; fileRef = D06B451D19F0F3E300D1FE72 /* QNUrlSafeBase64.m */; };
		D06B453719F0F3E300D1FE72 /* QNHttpManager.m in Sources */ = {isa = PBXBuildFile; fileRef = D06B452119F0F3E300D1FE72 /* QNHttpManager.m */; };
		D06B453819F0F3E300D1FE72 /* QNResponseInfo.m in Sources */ = {isa = PBXBuildFile; fileRef = D06B452319F0F3E300D1FE72 /* QNResponseInfo.m */; };
		D06B453919F0F3E300D1FE72 /* QNUserAgent.m in Sources */ = {isa = PBXBuildFile; fileRef = D06B452519F0F3E300D1FE72 /* QNUserAgent.m */; };
		D06B453A19F0F3E300D1FE72 /* QNFileRecorder.m in Sources */ = {isa = PBXBuildFile; fileRef = D06B452919F0F3E300D1FE72 /* QNFileRecorder.m */; };
		D06B453B19F0F3E300D1FE72 /* QNResumeUpload.m in Sources */ = {isa = PBXBuildFile; fileRef = D06B452D19F0F3E300D1FE72 /* QNResumeUpload.m */; };
		D06B453C19F0F3E300D1FE72 /* QNUploadManager.m in Sources */ = {isa = PBXBuildFile; fileRef = D06B452F19F0F3E300D1FE72 /* QNUploadManager.m */; };
		D06B453D19F0F3E300D1FE72 /* QNUploadOption.m in Sources */ = {isa = PBXBuildFile; fileRef = D06B453219F0F3E300D1FE72 /* QNUploadOption.m */; };
		D06B453F19F0F3FE00D1FE72 /* libz.dylib in Frameworks */ = {isa = PBXBuildFile; fileRef = D06B453E19F0F3FE00D1FE72 /* libz.dylib */; };
		D071449819ECED05001AD540 /* UIImage+UzysExtension.m in Sources */ = {isa = PBXBuildFile; fileRef = D071448819ECED05001AD540 /* UIImage+UzysExtension.m */; };
		D071449919ECED05001AD540 /* UzysAppearanceConfig.m in Sources */ = {isa = PBXBuildFile; fileRef = D071448A19ECED05001AD540 /* UzysAppearanceConfig.m */; };
		D071449A19ECED05001AD540 /* UzysAssetPickerController.bundle in Resources */ = {isa = PBXBuildFile; fileRef = D071448B19ECED05001AD540 /* UzysAssetPickerController.bundle */; };
		D071449B19ECED05001AD540 /* UzysAssetsPickerController.m in Sources */ = {isa = PBXBuildFile; fileRef = D071448E19ECED05001AD540 /* UzysAssetsPickerController.m */; };
		D071449C19ECED05001AD540 /* UzysAssetsPickerController.xib in Resources */ = {isa = PBXBuildFile; fileRef = D071448F19ECED05001AD540 /* UzysAssetsPickerController.xib */; };
		D071449D19ECED05001AD540 /* UzysAssetsViewCell.m in Sources */ = {isa = PBXBuildFile; fileRef = D071449119ECED05001AD540 /* UzysAssetsViewCell.m */; };
		D071449E19ECED05001AD540 /* UzysGroupPickerView.m in Sources */ = {isa = PBXBuildFile; fileRef = D071449319ECED05001AD540 /* UzysGroupPickerView.m */; };
		D071449F19ECED05001AD540 /* UzysGroupViewCell.m in Sources */ = {isa = PBXBuildFile; fileRef = D071449519ECED05001AD540 /* UzysGroupViewCell.m */; };
		D07144A019ECED05001AD540 /* UzysWrapperPickerController.m in Sources */ = {isa = PBXBuildFile; fileRef = D071449719ECED05001AD540 /* UzysWrapperPickerController.m */; };
		D07144A719ECFF9B001AD540 /* Daily.m in Sources */ = {isa = PBXBuildFile; fileRef = D07144A619ECFF9B001AD540 /* Daily.m */; };
		D07144B119ED00E5001AD540 /* libc++.dylib in Frameworks */ = {isa = PBXBuildFile; fileRef = D07144B019ED00E5001AD540 /* libc++.dylib */; };
		D07144B219ED017C001AD540 /* Realm.framework in Frameworks */ = {isa = PBXBuildFile; fileRef = D07144AD19ED0083001AD540 /* Realm.framework */; };
		D09130F519EBDAEF0086C423 /* main.m in Sources */ = {isa = PBXBuildFile; fileRef = D09130F419EBDAEF0086C423 /* main.m */; };
		D09130F819EBDAEF0086C423 /* AppDelegate.m in Sources */ = {isa = PBXBuildFile; fileRef = D09130F719EBDAEF0086C423 /* AppDelegate.m */; };
		D09130FB19EBDAEF0086C423 /* FirstViewController.m in Sources */ = {isa = PBXBuildFile; fileRef = D09130FA19EBDAEF0086C423 /* FirstViewController.m */; };
		D09130FE19EBDAEF0086C423 /* SecondViewController.m in Sources */ = {isa = PBXBuildFile; fileRef = D09130FD19EBDAEF0086C423 /* SecondViewController.m */; };
		D091310119EBDAEF0086C423 /* Main.storyboard in Resources */ = {isa = PBXBuildFile; fileRef = D09130FF19EBDAEF0086C423 /* Main.storyboard */; };
		D091310319EBDAEF0086C423 /* Images.xcassets in Resources */ = {isa = PBXBuildFile; fileRef = D091310219EBDAEF0086C423 /* Images.xcassets */; };
		D091310619EBDAEF0086C423 /* LaunchScreen.xib in Resources */ = {isa = PBXBuildFile; fileRef = D091310419EBDAEF0086C423 /* LaunchScreen.xib */; };
		D091311219EBDAEF0086C423 /* BabyDailyTests.m in Sources */ = {isa = PBXBuildFile; fileRef = D091311119EBDAEF0086C423 /* BabyDailyTests.m */; };
		D099709E19FF2C07005030EC /* LookViewController.m in Sources */ = {isa = PBXBuildFile; fileRef = D099709D19FF2C07005030EC /* LookViewController.m */; };
		D0FD5BC919EE2AC80068FE00 /* DailyDetailViewController.m in Sources */ = {isa = PBXBuildFile; fileRef = D0FD5BC819EE2AC80068FE00 /* DailyDetailViewController.m */; };
		D0FD5BF119EE679C0068FE00 /* AFHTTPRequestOperation.m in Sources */ = {isa = PBXBuildFile; fileRef = D0FD5BCD19EE679C0068FE00 /* AFHTTPRequestOperation.m */; };
		D0FD5BF219EE679C0068FE00 /* AFHTTPRequestOperationManager.m in Sources */ = {isa = PBXBuildFile; fileRef = D0FD5BCF19EE679C0068FE00 /* AFHTTPRequestOperationManager.m */; };
		D0FD5BF319EE679C0068FE00 /* AFHTTPSessionManager.m in Sources */ = {isa = PBXBuildFile; fileRef = D0FD5BD119EE679C0068FE00 /* AFHTTPSessionManager.m */; };
		D0FD5BF419EE679C0068FE00 /* AFNetworkReachabilityManager.m in Sources */ = {isa = PBXBuildFile; fileRef = D0FD5BD419EE679C0068FE00 /* AFNetworkReachabilityManager.m */; };
		D0FD5BF519EE679C0068FE00 /* AFSecurityPolicy.m in Sources */ = {isa = PBXBuildFile; fileRef = D0FD5BD619EE679C0068FE00 /* AFSecurityPolicy.m */; };
		D0FD5BF619EE679C0068FE00 /* AFURLConnectionOperation.m in Sources */ = {isa = PBXBuildFile; fileRef = D0FD5BD819EE679C0068FE00 /* AFURLConnectionOperation.m */; };
		D0FD5BF719EE679C0068FE00 /* AFURLRequestSerialization.m in Sources */ = {isa = PBXBuildFile; fileRef = D0FD5BDA19EE679C0068FE00 /* AFURLRequestSerialization.m */; };
		D0FD5BF819EE679C0068FE00 /* AFURLResponseSerialization.m in Sources */ = {isa = PBXBuildFile; fileRef = D0FD5BDC19EE679C0068FE00 /* AFURLResponseSerialization.m */; };
		D0FD5BF919EE679C0068FE00 /* AFURLSessionManager.m in Sources */ = {isa = PBXBuildFile; fileRef = D0FD5BDE19EE679C0068FE00 /* AFURLSessionManager.m */; };
		D0FD5BFA19EE679C0068FE00 /* AFNetworkActivityIndicatorManager.m in Sources */ = {isa = PBXBuildFile; fileRef = D0FD5BE119EE679C0068FE00 /* AFNetworkActivityIndicatorManager.m */; };
		D0FD5BFB19EE679C0068FE00 /* UIActivityIndicatorView+AFNetworking.m in Sources */ = {isa = PBXBuildFile; fileRef = D0FD5BE319EE679C0068FE00 /* UIActivityIndicatorView+AFNetworking.m */; };
		D0FD5BFC19EE679C0068FE00 /* UIAlertView+AFNetworking.m in Sources */ = {isa = PBXBuildFile; fileRef = D0FD5BE519EE679C0068FE00 /* UIAlertView+AFNetworking.m */; };
		D0FD5BFD19EE679C0068FE00 /* UIButton+AFNetworking.m in Sources */ = {isa = PBXBuildFile; fileRef = D0FD5BE719EE679C0068FE00 /* UIButton+AFNetworking.m */; };
		D0FD5BFE19EE679C0068FE00 /* UIImageView+AFNetworking.m in Sources */ = {isa = PBXBuildFile; fileRef = D0FD5BE919EE679C0068FE00 /* UIImageView+AFNetworking.m */; };
		D0FD5BFF19EE679C0068FE00 /* UIProgressView+AFNetworking.m in Sources */ = {isa = PBXBuildFile; fileRef = D0FD5BEC19EE679C0068FE00 /* UIProgressView+AFNetworking.m */; };
		D0FD5C0019EE679C0068FE00 /* UIRefreshControl+AFNetworking.m in Sources */ = {isa = PBXBuildFile; fileRef = D0FD5BEE19EE679C0068FE00 /* UIRefreshControl+AFNetworking.m */; };
		D0FD5C0119EE679C0068FE00 /* UIWebView+AFNetworking.m in Sources */ = {isa = PBXBuildFile; fileRef = D0FD5BF019EE679C0068FE00 /* UIWebView+AFNetworking.m */; };
/* End PBXBuildFile section */

/* Begin PBXContainerItemProxy section */
		D091310C19EBDAEF0086C423 /* PBXContainerItemProxy */ = {
			isa = PBXContainerItemProxy;
			containerPortal = D09130E719EBDAEF0086C423 /* Project object */;
			proxyType = 1;
			remoteGlobalIDString = D09130EE19EBDAEF0086C423;
			remoteInfo = BabyDaily;
		};
/* End PBXContainerItemProxy section */

/* Begin PBXFileReference section */
		9F1A32C519FB65210001DFCC /* TestViewController.h */ = {isa = PBXFileReference; fileEncoding = 4; lastKnownFileType = sourcecode.c.h; path = TestViewController.h; sourceTree = "<group>"; };
		9F1A32C619FB65210001DFCC /* TestViewController.m */ = {isa = PBXFileReference; fileEncoding = 4; lastKnownFileType = sourcecode.c.objc; path = TestViewController.m; sourceTree = "<group>"; };
		9F2F763C1A139EA700E6A76C /* SearchResultController.h */ = {isa = PBXFileReference; fileEncoding = 4; lastKnownFileType = sourcecode.c.h; path = SearchResultController.h; sourceTree = "<group>"; };
		9F2F763D1A139EA700E6A76C /* SearchResultController.m */ = {isa = PBXFileReference; fileEncoding = 4; lastKnownFileType = sourcecode.c.objc; path = SearchResultController.m; sourceTree = "<group>"; };
		9F2F763F1A13A7A500E6A76C /* TableCell.xib */ = {isa = PBXFileReference; fileEncoding = 4; lastKnownFileType = file.xib; path = TableCell.xib; sourceTree = "<group>"; };
		9F5FD35C19F54BC500274E6A /* MapKit.framework */ = {isa = PBXFileReference; lastKnownFileType = wrapper.framework; name = MapKit.framework; path = System/Library/Frameworks/MapKit.framework; sourceTree = SDKROOT; };
		9F993D7E19EC1BC20030310C /* WriteDailyViewController.h */ = {isa = PBXFileReference; fileEncoding = 4; lastKnownFileType = sourcecode.c.h; path = WriteDailyViewController.h; sourceTree = "<group>"; };
		9F993D7F19EC1BC20030310C /* WriteDailyViewController.m */ = {isa = PBXFileReference; fileEncoding = 4; lastKnownFileType = sourcecode.c.objc; path = WriteDailyViewController.m; sourceTree = "<group>"; };
		9FBA0FE51A125D480032BD34 /* MyResultTableViewController.h */ = {isa = PBXFileReference; fileEncoding = 4; lastKnownFileType = sourcecode.c.h; path = MyResultTableViewController.h; sourceTree = "<group>"; };
		9FBA0FE61A125D480032BD34 /* MyResultTableViewController.m */ = {isa = PBXFileReference; fileEncoding = 4; lastKnownFileType = sourcecode.c.objc; path = MyResultTableViewController.m; sourceTree = "<group>"; };
		9FFD96F819F1431E004D5AF2 /* AsyncImageView.h */ = {isa = PBXFileReference; fileEncoding = 4; lastKnownFileType = sourcecode.c.h; path = AsyncImageView.h; sourceTree = "<group>"; };
		9FFD96F919F1431E004D5AF2 /* AsyncImageView.m */ = {isa = PBXFileReference; fileEncoding = 4; lastKnownFileType = sourcecode.c.objc; path = AsyncImageView.m; sourceTree = "<group>"; };
		D00E0F4F19F1149E00BD072E /* PAImageView.h */ = {isa = PBXFileReference; fileEncoding = 4; lastKnownFileType = sourcecode.c.h; path = PAImageView.h; sourceTree = "<group>"; };
		D00E0F5019F1149E00BD072E /* PAImageView.m */ = {isa = PBXFileReference; fileEncoding = 4; lastKnownFileType = sourcecode.c.objc; path = PAImageView.m; sourceTree = "<group>"; };
		D013B90F19F8B4AE00DC5AA2 /* ASPopUpView.h */ = {isa = PBXFileReference; fileEncoding = 4; lastKnownFileType = sourcecode.c.h; path = ASPopUpView.h; sourceTree = "<group>"; };
		D013B91019F8B4AE00DC5AA2 /* ASPopUpView.m */ = {isa = PBXFileReference; fileEncoding = 4; lastKnownFileType = sourcecode.c.objc; path = ASPopUpView.m; sourceTree = "<group>"; };
		D013B91119F8B4AE00DC5AA2 /* ASProgressPopUpView.h */ = {isa = PBXFileReference; fileEncoding = 4; lastKnownFileType = sourcecode.c.h; path = ASProgressPopUpView.h; sourceTree = "<group>"; };
		D013B91219F8B4AE00DC5AA2 /* ASProgressPopUpView.m */ = {isa = PBXFileReference; fileEncoding = 4; lastKnownFileType = sourcecode.c.objc; path = ASProgressPopUpView.m; sourceTree = "<group>"; };
		D013B91519F8C76C00DC5AA2 /* QiniuUploadDelegate.h */ = {isa = PBXFileReference; lastKnownFileType = sourcecode.c.h; path = QiniuUploadDelegate.h; sourceTree = "<group>"; };
		D013B91719F8C9A800DC5AA2 /* QiniuSimpleUploader.h */ = {isa = PBXFileReference; fileEncoding = 4; lastKnownFileType = sourcecode.c.h; path = QiniuSimpleUploader.h; sourceTree = "<group>"; };
		D013B91819F8C9A800DC5AA2 /* QiniuSimpleUploader.m */ = {isa = PBXFileReference; fileEncoding = 4; lastKnownFileType = sourcecode.c.objc; path = QiniuSimpleUploader.m; sourceTree = "<group>"; };
		D013B91A19F8CE6E00DC5AA2 /* QiniuBlkputRet.h */ = {isa = PBXFileReference; fileEncoding = 4; lastKnownFileType = sourcecode.c.h; path = QiniuBlkputRet.h; sourceTree = "<group>"; };
		D013B91B19F8CE6E00DC5AA2 /* QiniuBlkputRet.m */ = {isa = PBXFileReference; fileEncoding = 4; lastKnownFileType = sourcecode.c.objc; path = QiniuBlkputRet.m; sourceTree = "<group>"; };
		D013B91C19F8CE6E00DC5AA2 /* QiniuConfig.h */ = {isa = PBXFileReference; fileEncoding = 4; lastKnownFileType = sourcecode.c.h; path = QiniuConfig.h; sourceTree = "<group>"; };
		D013B91D19F8CE6E00DC5AA2 /* QiniuConfig.m */ = {isa = PBXFileReference; fileEncoding = 4; lastKnownFileType = sourcecode.c.objc; path = QiniuConfig.m; sourceTree = "<group>"; };
		D013B91E19F8CE6E00DC5AA2 /* QiniuHttpClient.h */ = {isa = PBXFileReference; fileEncoding = 4; lastKnownFileType = sourcecode.c.h; path = QiniuHttpClient.h; sourceTree = "<group>"; };
		D013B91F19F8CE6E00DC5AA2 /* QiniuHttpClient.m */ = {isa = PBXFileReference; fileEncoding = 4; lastKnownFileType = sourcecode.c.objc; path = QiniuHttpClient.m; sourceTree = "<group>"; };
		D013B92019F8CE6E00DC5AA2 /* QiniuResumableClient.h */ = {isa = PBXFileReference; fileEncoding = 4; lastKnownFileType = sourcecode.c.h; path = QiniuResumableClient.h; sourceTree = "<group>"; };
		D013B92119F8CE6E00DC5AA2 /* QiniuResumableClient.m */ = {isa = PBXFileReference; fileEncoding = 4; lastKnownFileType = sourcecode.c.objc; path = QiniuResumableClient.m; sourceTree = "<group>"; };
		D013B92219F8CE6E00DC5AA2 /* QiniuResumableUploader.h */ = {isa = PBXFileReference; fileEncoding = 4; lastKnownFileType = sourcecode.c.h; path = QiniuResumableUploader.h; sourceTree = "<group>"; };
		D013B92319F8CE6E00DC5AA2 /* QiniuResumableUploader.m */ = {isa = PBXFileReference; fileEncoding = 4; lastKnownFileType = sourcecode.c.objc; path = QiniuResumableUploader.m; sourceTree = "<group>"; };
		D013B92419F8CE6E00DC5AA2 /* QiniuSDK-Prefix.pch */ = {isa = PBXFileReference; fileEncoding = 4; lastKnownFileType = sourcecode.c.h; path = "QiniuSDK-Prefix.pch"; sourceTree = "<group>"; };
		D013B92519F8CE6E00DC5AA2 /* QiniuUploadDelegate.h */ = {isa = PBXFileReference; fileEncoding = 4; lastKnownFileType = sourcecode.c.h; path = QiniuUploadDelegate.h; sourceTree = "<group>"; };
		D013B92619F8CE6E00DC5AA2 /* QiniuUtils.h */ = {isa = PBXFileReference; fileEncoding = 4; lastKnownFileType = sourcecode.c.h; path = QiniuUtils.h; sourceTree = "<group>"; };
		D013B92719F8CE6E00DC5AA2 /* QiniuUtils.m */ = {isa = PBXFileReference; fileEncoding = 4; lastKnownFileType = sourcecode.c.objc; path = QiniuUtils.m; sourceTree = "<group>"; };
		D027E9B119ED29D0007A3EB9 /* DailyOne.h */ = {isa = PBXFileReference; fileEncoding = 4; lastKnownFileType = sourcecode.c.h; path = DailyOne.h; sourceTree = "<group>"; };
		D027E9B219ED29D0007A3EB9 /* DailyOne.m */ = {isa = PBXFileReference; fileEncoding = 4; lastKnownFileType = sourcecode.c.objc; path = DailyOne.m; sourceTree = "<group>"; };
		D054E1ED19F7976E00CB95F8 /* MKAnnotationView+WebCache.h */ = {isa = PBXFileReference; fileEncoding = 4; lastKnownFileType = sourcecode.c.h; path = "MKAnnotationView+WebCache.h"; sourceTree = "<group>"; };
		D054E1EE19F7976E00CB95F8 /* MKAnnotationView+WebCache.m */ = {isa = PBXFileReference; fileEncoding = 4; lastKnownFileType = sourcecode.c.objc; path = "MKAnnotationView+WebCache.m"; sourceTree = "<group>"; };
		D054E1EF19F7976E00CB95F8 /* NSData+ImageContentType.h */ = {isa = PBXFileReference; fileEncoding = 4; lastKnownFileType = sourcecode.c.h; path = "NSData+ImageContentType.h"; sourceTree = "<group>"; };
		D054E1F019F7976E00CB95F8 /* NSData+ImageContentType.m */ = {isa = PBXFileReference; fileEncoding = 4; lastKnownFileType = sourcecode.c.objc; path = "NSData+ImageContentType.m"; sourceTree = "<group>"; };
		D054E1F119F7976E00CB95F8 /* SDImageCache.h */ = {isa = PBXFileReference; fileEncoding = 4; lastKnownFileType = sourcecode.c.h; path = SDImageCache.h; sourceTree = "<group>"; };
		D054E1F219F7976E00CB95F8 /* SDImageCache.m */ = {isa = PBXFileReference; fileEncoding = 4; lastKnownFileType = sourcecode.c.objc; path = SDImageCache.m; sourceTree = "<group>"; };
		D054E1F319F7976E00CB95F8 /* SDWebImageCompat.h */ = {isa = PBXFileReference; fileEncoding = 4; lastKnownFileType = sourcecode.c.h; path = SDWebImageCompat.h; sourceTree = "<group>"; };
		D054E1F419F7976E00CB95F8 /* SDWebImageCompat.m */ = {isa = PBXFileReference; fileEncoding = 4; lastKnownFileType = sourcecode.c.objc; path = SDWebImageCompat.m; sourceTree = "<group>"; };
		D054E1F519F7976E00CB95F8 /* SDWebImageDecoder.h */ = {isa = PBXFileReference; fileEncoding = 4; lastKnownFileType = sourcecode.c.h; path = SDWebImageDecoder.h; sourceTree = "<group>"; };
		D054E1F619F7976E00CB95F8 /* SDWebImageDecoder.m */ = {isa = PBXFileReference; fileEncoding = 4; lastKnownFileType = sourcecode.c.objc; path = SDWebImageDecoder.m; sourceTree = "<group>"; };
		D054E1F719F7976E00CB95F8 /* SDWebImageDownloader.h */ = {isa = PBXFileReference; fileEncoding = 4; lastKnownFileType = sourcecode.c.h; path = SDWebImageDownloader.h; sourceTree = "<group>"; };
		D054E1F819F7976E00CB95F8 /* SDWebImageDownloader.m */ = {isa = PBXFileReference; fileEncoding = 4; lastKnownFileType = sourcecode.c.objc; path = SDWebImageDownloader.m; sourceTree = "<group>"; };
		D054E1F919F7976E00CB95F8 /* SDWebImageDownloaderOperation.h */ = {isa = PBXFileReference; fileEncoding = 4; lastKnownFileType = sourcecode.c.h; path = SDWebImageDownloaderOperation.h; sourceTree = "<group>"; };
		D054E1FA19F7976E00CB95F8 /* SDWebImageDownloaderOperation.m */ = {isa = PBXFileReference; fileEncoding = 4; lastKnownFileType = sourcecode.c.objc; path = SDWebImageDownloaderOperation.m; sourceTree = "<group>"; };
		D054E1FB19F7976E00CB95F8 /* SDWebImageManager.h */ = {isa = PBXFileReference; fileEncoding = 4; lastKnownFileType = sourcecode.c.h; path = SDWebImageManager.h; sourceTree = "<group>"; };
		D054E1FC19F7976E00CB95F8 /* SDWebImageManager.m */ = {isa = PBXFileReference; fileEncoding = 4; lastKnownFileType = sourcecode.c.objc; path = SDWebImageManager.m; sourceTree = "<group>"; };
		D054E1FD19F7976E00CB95F8 /* SDWebImageOperation.h */ = {isa = PBXFileReference; fileEncoding = 4; lastKnownFileType = sourcecode.c.h; path = SDWebImageOperation.h; sourceTree = "<group>"; };
		D054E1FE19F7976E00CB95F8 /* SDWebImagePrefetcher.h */ = {isa = PBXFileReference; fileEncoding = 4; lastKnownFileType = sourcecode.c.h; path = SDWebImagePrefetcher.h; sourceTree = "<group>"; };
		D054E1FF19F7976E00CB95F8 /* SDWebImagePrefetcher.m */ = {isa = PBXFileReference; fileEncoding = 4; lastKnownFileType = sourcecode.c.objc; path = SDWebImagePrefetcher.m; sourceTree = "<group>"; };
		D054E20019F7976E00CB95F8 /* UIButton+WebCache.h */ = {isa = PBXFileReference; fileEncoding = 4; lastKnownFileType = sourcecode.c.h; path = "UIButton+WebCache.h"; sourceTree = "<group>"; };
		D054E20119F7976E00CB95F8 /* UIButton+WebCache.m */ = {isa = PBXFileReference; fileEncoding = 4; lastKnownFileType = sourcecode.c.objc; path = "UIButton+WebCache.m"; sourceTree = "<group>"; };
		D054E20219F7976E00CB95F8 /* UIImage+GIF.h */ = {isa = PBXFileReference; fileEncoding = 4; lastKnownFileType = sourcecode.c.h; path = "UIImage+GIF.h"; sourceTree = "<group>"; };
		D054E20319F7976E00CB95F8 /* UIImage+GIF.m */ = {isa = PBXFileReference; fileEncoding = 4; lastKnownFileType = sourcecode.c.objc; path = "UIImage+GIF.m"; sourceTree = "<group>"; };
		D054E20419F7976E00CB95F8 /* UIImage+MultiFormat.h */ = {isa = PBXFileReference; fileEncoding = 4; lastKnownFileType = sourcecode.c.h; path = "UIImage+MultiFormat.h"; sourceTree = "<group>"; };
		D054E20519F7976E00CB95F8 /* UIImage+MultiFormat.m */ = {isa = PBXFileReference; fileEncoding = 4; lastKnownFileType = sourcecode.c.objc; path = "UIImage+MultiFormat.m"; sourceTree = "<group>"; };
		D054E20619F7976E00CB95F8 /* UIImage+WebP.h */ = {isa = PBXFileReference; fileEncoding = 4; lastKnownFileType = sourcecode.c.h; path = "UIImage+WebP.h"; sourceTree = "<group>"; };
		D054E20719F7976E00CB95F8 /* UIImage+WebP.m */ = {isa = PBXFileReference; fileEncoding = 4; lastKnownFileType = sourcecode.c.objc; path = "UIImage+WebP.m"; sourceTree = "<group>"; };
		D054E20819F7976E00CB95F8 /* UIImageView+HighlightedWebCache.h */ = {isa = PBXFileReference; fileEncoding = 4; lastKnownFileType = sourcecode.c.h; path = "UIImageView+HighlightedWebCache.h"; sourceTree = "<group>"; };
		D054E20919F7976E00CB95F8 /* UIImageView+HighlightedWebCache.m */ = {isa = PBXFileReference; fileEncoding = 4; lastKnownFileType = sourcecode.c.objc; path = "UIImageView+HighlightedWebCache.m"; sourceTree = "<group>"; };
		D054E20A19F7976E00CB95F8 /* UIImageView+WebCache.h */ = {isa = PBXFileReference; fileEncoding = 4; lastKnownFileType = sourcecode.c.h; path = "UIImageView+WebCache.h"; sourceTree = "<group>"; };
		D054E20B19F7976E00CB95F8 /* UIImageView+WebCache.m */ = {isa = PBXFileReference; fileEncoding = 4; lastKnownFileType = sourcecode.c.objc; path = "UIImageView+WebCache.m"; sourceTree = "<group>"; };
		D054E20C19F7976E00CB95F8 /* UIView+WebCacheOperation.h */ = {isa = PBXFileReference; fileEncoding = 4; lastKnownFileType = sourcecode.c.h; path = "UIView+WebCacheOperation.h"; sourceTree = "<group>"; };
		D054E20D19F7976E00CB95F8 /* UIView+WebCacheOperation.m */ = {isa = PBXFileReference; fileEncoding = 4; lastKnownFileType = sourcecode.c.objc; path = "UIView+WebCacheOperation.m"; sourceTree = "<group>"; };
		D05C1E5319F4C63F005F6504 /* MJRefresh.bundle */ = {isa = PBXFileReference; lastKnownFileType = "wrapper.plug-in"; path = MJRefresh.bundle; sourceTree = "<group>"; };
		D05C1E5419F4C63F005F6504 /* MJRefresh.h */ = {isa = PBXFileReference; fileEncoding = 4; lastKnownFileType = sourcecode.c.h; path = MJRefresh.h; sourceTree = "<group>"; };
		D05C1E5519F4C63F005F6504 /* MJRefreshBaseView.h */ = {isa = PBXFileReference; fileEncoding = 4; lastKnownFileType = sourcecode.c.h; path = MJRefreshBaseView.h; sourceTree = "<group>"; };
		D05C1E5619F4C63F005F6504 /* MJRefreshBaseView.m */ = {isa = PBXFileReference; fileEncoding = 4; lastKnownFileType = sourcecode.c.objc; path = MJRefreshBaseView.m; sourceTree = "<group>"; };
		D05C1E5719F4C63F005F6504 /* MJRefreshConst.h */ = {isa = PBXFileReference; fileEncoding = 4; lastKnownFileType = sourcecode.c.h; path = MJRefreshConst.h; sourceTree = "<group>"; };
		D05C1E5819F4C63F005F6504 /* MJRefreshConst.m */ = {isa = PBXFileReference; fileEncoding = 4; lastKnownFileType = sourcecode.c.objc; path = MJRefreshConst.m; sourceTree = "<group>"; };
		D05C1E5919F4C63F005F6504 /* MJRefreshFooterView.h */ = {isa = PBXFileReference; fileEncoding = 4; lastKnownFileType = sourcecode.c.h; path = MJRefreshFooterView.h; sourceTree = "<group>"; };
		D05C1E5A19F4C63F005F6504 /* MJRefreshFooterView.m */ = {isa = PBXFileReference; fileEncoding = 4; lastKnownFileType = sourcecode.c.objc; path = MJRefreshFooterView.m; sourceTree = "<group>"; };
		D05C1E5B19F4C63F005F6504 /* MJRefreshHeaderView.h */ = {isa = PBXFileReference; fileEncoding = 4; lastKnownFileType = sourcecode.c.h; path = MJRefreshHeaderView.h; sourceTree = "<group>"; };
		D05C1E5C19F4C63F005F6504 /* MJRefreshHeaderView.m */ = {isa = PBXFileReference; fileEncoding = 4; lastKnownFileType = sourcecode.c.objc; path = MJRefreshHeaderView.m; sourceTree = "<group>"; };
		D05C1E5D19F4C63F005F6504 /* UIScrollView+MJExtension.h */ = {isa = PBXFileReference; fileEncoding = 4; lastKnownFileType = sourcecode.c.h; path = "UIScrollView+MJExtension.h"; sourceTree = "<group>"; };
		D05C1E5E19F4C63F005F6504 /* UIScrollView+MJExtension.m */ = {isa = PBXFileReference; fileEncoding = 4; lastKnownFileType = sourcecode.c.objc; path = "UIScrollView+MJExtension.m"; sourceTree = "<group>"; };
		D05C1E5F19F4C63F005F6504 /* UIScrollView+MJRefresh.h */ = {isa = PBXFileReference; fileEncoding = 4; lastKnownFileType = sourcecode.c.h; path = "UIScrollView+MJRefresh.h"; sourceTree = "<group>"; };
		D05C1E6019F4C63F005F6504 /* UIScrollView+MJRefresh.m */ = {isa = PBXFileReference; fileEncoding = 4; lastKnownFileType = sourcecode.c.objc; path = "UIScrollView+MJRefresh.m"; sourceTree = "<group>"; };
		D05C1E6119F4C63F005F6504 /* UIView+MJExtension.h */ = {isa = PBXFileReference; fileEncoding = 4; lastKnownFileType = sourcecode.c.h; path = "UIView+MJExtension.h"; sourceTree = "<group>"; };
		D05C1E6219F4C63F005F6504 /* UIView+MJExtension.m */ = {isa = PBXFileReference; fileEncoding = 4; lastKnownFileType = sourcecode.c.objc; path = "UIView+MJExtension.m"; sourceTree = "<group>"; };
		D06B451619F0F3E300D1FE72 /* QNConfig.h */ = {isa = PBXFileReference; fileEncoding = 4; lastKnownFileType = sourcecode.c.h; path = QNConfig.h; sourceTree = "<group>"; };
		D06B451719F0F3E300D1FE72 /* QNConfig.m */ = {isa = PBXFileReference; fileEncoding = 4; lastKnownFileType = sourcecode.c.objc; path = QNConfig.m; sourceTree = "<group>"; };
		D06B451819F0F3E300D1FE72 /* QNCrc32.h */ = {isa = PBXFileReference; fileEncoding = 4; lastKnownFileType = sourcecode.c.h; path = QNCrc32.h; sourceTree = "<group>"; };
		D06B451919F0F3E300D1FE72 /* QNCrc32.m */ = {isa = PBXFileReference; fileEncoding = 4; lastKnownFileType = sourcecode.c.objc; path = QNCrc32.m; sourceTree = "<group>"; };
		D06B451A19F0F3E300D1FE72 /* QNEtag.h */ = {isa = PBXFileReference; fileEncoding = 4; lastKnownFileType = sourcecode.c.h; path = QNEtag.h; sourceTree = "<group>"; };
		D06B451B19F0F3E300D1FE72 /* QNEtag.m */ = {isa = PBXFileReference; fileEncoding = 4; lastKnownFileType = sourcecode.c.objc; path = QNEtag.m; sourceTree = "<group>"; };
		D06B451C19F0F3E300D1FE72 /* QNUrlSafeBase64.h */ = {isa = PBXFileReference; fileEncoding = 4; lastKnownFileType = sourcecode.c.h; path = QNUrlSafeBase64.h; sourceTree = "<group>"; };
		D06B451D19F0F3E300D1FE72 /* QNUrlSafeBase64.m */ = {isa = PBXFileReference; fileEncoding = 4; lastKnownFileType = sourcecode.c.objc; path = QNUrlSafeBase64.m; sourceTree = "<group>"; };
		D06B451E19F0F3E300D1FE72 /* QNVersion.h */ = {isa = PBXFileReference; fileEncoding = 4; lastKnownFileType = sourcecode.c.h; path = QNVersion.h; sourceTree = "<group>"; };
		D06B452019F0F3E300D1FE72 /* QNHttpManager.h */ = {isa = PBXFileReference; fileEncoding = 4; lastKnownFileType = sourcecode.c.h; path = QNHttpManager.h; sourceTree = "<group>"; };
		D06B452119F0F3E300D1FE72 /* QNHttpManager.m */ = {isa = PBXFileReference; fileEncoding = 4; lastKnownFileType = sourcecode.c.objc; path = QNHttpManager.m; sourceTree = "<group>"; };
		D06B452219F0F3E300D1FE72 /* QNResponseInfo.h */ = {isa = PBXFileReference; fileEncoding = 4; lastKnownFileType = sourcecode.c.h; path = QNResponseInfo.h; sourceTree = "<group>"; };
		D06B452319F0F3E300D1FE72 /* QNResponseInfo.m */ = {isa = PBXFileReference; fileEncoding = 4; lastKnownFileType = sourcecode.c.objc; path = QNResponseInfo.m; sourceTree = "<group>"; };
		D06B452419F0F3E300D1FE72 /* QNUserAgent.h */ = {isa = PBXFileReference; fileEncoding = 4; lastKnownFileType = sourcecode.c.h; path = QNUserAgent.h; sourceTree = "<group>"; };
		D06B452519F0F3E300D1FE72 /* QNUserAgent.m */ = {isa = PBXFileReference; fileEncoding = 4; lastKnownFileType = sourcecode.c.objc; path = QNUserAgent.m; sourceTree = "<group>"; };
		D06B452619F0F3E300D1FE72 /* QiniuSDK.h */ = {isa = PBXFileReference; fileEncoding = 4; lastKnownFileType = sourcecode.c.h; path = QiniuSDK.h; sourceTree = "<group>"; };
		D06B452819F0F3E300D1FE72 /* QNFileRecorder.h */ = {isa = PBXFileReference; fileEncoding = 4; lastKnownFileType = sourcecode.c.h; path = QNFileRecorder.h; sourceTree = "<group>"; };
		D06B452919F0F3E300D1FE72 /* QNFileRecorder.m */ = {isa = PBXFileReference; fileEncoding = 4; lastKnownFileType = sourcecode.c.objc; path = QNFileRecorder.m; sourceTree = "<group>"; };
		D06B452A19F0F3E300D1FE72 /* QNRecorderDelegate.h */ = {isa = PBXFileReference; fileEncoding = 4; lastKnownFileType = sourcecode.c.h; path = QNRecorderDelegate.h; sourceTree = "<group>"; };
		D06B452C19F0F3E300D1FE72 /* QNResumeUpload.h */ = {isa = PBXFileReference; fileEncoding = 4; lastKnownFileType = sourcecode.c.h; path = QNResumeUpload.h; sourceTree = "<group>"; };
		D06B452D19F0F3E300D1FE72 /* QNResumeUpload.m */ = {isa = PBXFileReference; fileEncoding = 4; lastKnownFileType = sourcecode.c.objc; path = QNResumeUpload.m; sourceTree = "<group>"; };
		D06B452E19F0F3E300D1FE72 /* QNUploadManager.h */ = {isa = PBXFileReference; fileEncoding = 4; lastKnownFileType = sourcecode.c.h; path = QNUploadManager.h; sourceTree = "<group>"; };
		D06B452F19F0F3E300D1FE72 /* QNUploadManager.m */ = {isa = PBXFileReference; fileEncoding = 4; lastKnownFileType = sourcecode.c.objc; path = QNUploadManager.m; sourceTree = "<group>"; };
		D06B453019F0F3E300D1FE72 /* QNUploadOption+Private.h */ = {isa = PBXFileReference; fileEncoding = 4; lastKnownFileType = sourcecode.c.h; path = "QNUploadOption+Private.h"; sourceTree = "<group>"; };
		D06B453119F0F3E300D1FE72 /* QNUploadOption.h */ = {isa = PBXFileReference; fileEncoding = 4; lastKnownFileType = sourcecode.c.h; path = QNUploadOption.h; sourceTree = "<group>"; };
		D06B453219F0F3E300D1FE72 /* QNUploadOption.m */ = {isa = PBXFileReference; fileEncoding = 4; lastKnownFileType = sourcecode.c.objc; path = QNUploadOption.m; sourceTree = "<group>"; };
		D06B453E19F0F3FE00D1FE72 /* libz.dylib */ = {isa = PBXFileReference; lastKnownFileType = "compiled.mach-o.dylib"; name = libz.dylib; path = usr/lib/libz.dylib; sourceTree = SDKROOT; };
		D071448719ECED05001AD540 /* UIImage+UzysExtension.h */ = {isa = PBXFileReference; fileEncoding = 4; lastKnownFileType = sourcecode.c.h; path = "UIImage+UzysExtension.h"; sourceTree = "<group>"; };
		D071448819ECED05001AD540 /* UIImage+UzysExtension.m */ = {isa = PBXFileReference; fileEncoding = 4; lastKnownFileType = sourcecode.c.objc; path = "UIImage+UzysExtension.m"; sourceTree = "<group>"; };
		D071448919ECED05001AD540 /* UzysAppearanceConfig.h */ = {isa = PBXFileReference; fileEncoding = 4; lastKnownFileType = sourcecode.c.h; path = UzysAppearanceConfig.h; sourceTree = "<group>"; };
		D071448A19ECED05001AD540 /* UzysAppearanceConfig.m */ = {isa = PBXFileReference; fileEncoding = 4; lastKnownFileType = sourcecode.c.objc; path = UzysAppearanceConfig.m; sourceTree = "<group>"; };
		D071448B19ECED05001AD540 /* UzysAssetPickerController.bundle */ = {isa = PBXFileReference; lastKnownFileType = "wrapper.plug-in"; path = UzysAssetPickerController.bundle; sourceTree = "<group>"; };
		D071448C19ECED05001AD540 /* UzysAssetsPickerController_Configuration.h */ = {isa = PBXFileReference; fileEncoding = 4; lastKnownFileType = sourcecode.c.h; path = UzysAssetsPickerController_Configuration.h; sourceTree = "<group>"; };
		D071448D19ECED05001AD540 /* UzysAssetsPickerController.h */ = {isa = PBXFileReference; fileEncoding = 4; lastKnownFileType = sourcecode.c.h; path = UzysAssetsPickerController.h; sourceTree = "<group>"; };
		D071448E19ECED05001AD540 /* UzysAssetsPickerController.m */ = {isa = PBXFileReference; fileEncoding = 4; lastKnownFileType = sourcecode.c.objc; path = UzysAssetsPickerController.m; sourceTree = "<group>"; };
		D071448F19ECED05001AD540 /* UzysAssetsPickerController.xib */ = {isa = PBXFileReference; fileEncoding = 4; lastKnownFileType = file.xib; path = UzysAssetsPickerController.xib; sourceTree = "<group>"; };
		D071449019ECED05001AD540 /* UzysAssetsViewCell.h */ = {isa = PBXFileReference; fileEncoding = 4; lastKnownFileType = sourcecode.c.h; path = UzysAssetsViewCell.h; sourceTree = "<group>"; };
		D071449119ECED05001AD540 /* UzysAssetsViewCell.m */ = {isa = PBXFileReference; fileEncoding = 4; lastKnownFileType = sourcecode.c.objc; path = UzysAssetsViewCell.m; sourceTree = "<group>"; };
		D071449219ECED05001AD540 /* UzysGroupPickerView.h */ = {isa = PBXFileReference; fileEncoding = 4; lastKnownFileType = sourcecode.c.h; path = UzysGroupPickerView.h; sourceTree = "<group>"; };
		D071449319ECED05001AD540 /* UzysGroupPickerView.m */ = {isa = PBXFileReference; fileEncoding = 4; lastKnownFileType = sourcecode.c.objc; path = UzysGroupPickerView.m; sourceTree = "<group>"; };
		D071449419ECED05001AD540 /* UzysGroupViewCell.h */ = {isa = PBXFileReference; fileEncoding = 4; lastKnownFileType = sourcecode.c.h; path = UzysGroupViewCell.h; sourceTree = "<group>"; };
		D071449519ECED05001AD540 /* UzysGroupViewCell.m */ = {isa = PBXFileReference; fileEncoding = 4; lastKnownFileType = sourcecode.c.objc; path = UzysGroupViewCell.m; sourceTree = "<group>"; };
		D071449619ECED05001AD540 /* UzysWrapperPickerController.h */ = {isa = PBXFileReference; fileEncoding = 4; lastKnownFileType = sourcecode.c.h; path = UzysWrapperPickerController.h; sourceTree = "<group>"; };
		D071449719ECED05001AD540 /* UzysWrapperPickerController.m */ = {isa = PBXFileReference; fileEncoding = 4; lastKnownFileType = sourcecode.c.objc; path = UzysWrapperPickerController.m; sourceTree = "<group>"; };
		D07144A519ECFF9B001AD540 /* Daily.h */ = {isa = PBXFileReference; fileEncoding = 4; lastKnownFileType = sourcecode.c.h; path = Daily.h; sourceTree = "<group>"; };
		D07144A619ECFF9B001AD540 /* Daily.m */ = {isa = PBXFileReference; fileEncoding = 4; lastKnownFileType = sourcecode.c.objc; path = Daily.m; sourceTree = "<group>"; };
		D07144AD19ED0083001AD540 /* Realm.framework */ = {isa = PBXFileReference; lastKnownFileType = wrapper.framework; path = Realm.framework; sourceTree = "<group>"; };
		D07144B019ED00E5001AD540 /* libc++.dylib */ = {isa = PBXFileReference; lastKnownFileType = "compiled.mach-o.dylib"; name = "libc++.dylib"; path = "usr/lib/libc++.dylib"; sourceTree = SDKROOT; };
		D09130EF19EBDAEF0086C423 /* BabyDaily.app */ = {isa = PBXFileReference; explicitFileType = wrapper.application; includeInIndex = 0; path = BabyDaily.app; sourceTree = BUILT_PRODUCTS_DIR; };
		D09130F319EBDAEF0086C423 /* Info.plist */ = {isa = PBXFileReference; lastKnownFileType = text.plist.xml; path = Info.plist; sourceTree = "<group>"; };
		D09130F419EBDAEF0086C423 /* main.m */ = {isa = PBXFileReference; lastKnownFileType = sourcecode.c.objc; path = main.m; sourceTree = "<group>"; };
		D09130F619EBDAEF0086C423 /* AppDelegate.h */ = {isa = PBXFileReference; lastKnownFileType = sourcecode.c.h; path = AppDelegate.h; sourceTree = "<group>"; };
		D09130F719EBDAEF0086C423 /* AppDelegate.m */ = {isa = PBXFileReference; lastKnownFileType = sourcecode.c.objc; path = AppDelegate.m; sourceTree = "<group>"; };
		D09130F919EBDAEF0086C423 /* FirstViewController.h */ = {isa = PBXFileReference; lastKnownFileType = sourcecode.c.h; path = FirstViewController.h; sourceTree = "<group>"; };
		D09130FA19EBDAEF0086C423 /* FirstViewController.m */ = {isa = PBXFileReference; lastKnownFileType = sourcecode.c.objc; path = FirstViewController.m; sourceTree = "<group>"; };
		D09130FC19EBDAEF0086C423 /* SecondViewController.h */ = {isa = PBXFileReference; lastKnownFileType = sourcecode.c.h; path = SecondViewController.h; sourceTree = "<group>"; };
		D09130FD19EBDAEF0086C423 /* SecondViewController.m */ = {isa = PBXFileReference; lastKnownFileType = sourcecode.c.objc; path = SecondViewController.m; sourceTree = "<group>"; };
		D091310019EBDAEF0086C423 /* Base */ = {isa = PBXFileReference; lastKnownFileType = file.storyboard; name = Base; path = Base.lproj/Main.storyboard; sourceTree = "<group>"; };
		D091310219EBDAEF0086C423 /* Images.xcassets */ = {isa = PBXFileReference; lastKnownFileType = folder.assetcatalog; path = Images.xcassets; sourceTree = "<group>"; };
		D091310519EBDAEF0086C423 /* Base */ = {isa = PBXFileReference; lastKnownFileType = file.xib; name = Base; path = Base.lproj/LaunchScreen.xib; sourceTree = "<group>"; };
		D091310B19EBDAEF0086C423 /* BabyDailyTests.xctest */ = {isa = PBXFileReference; explicitFileType = wrapper.cfbundle; includeInIndex = 0; path = BabyDailyTests.xctest; sourceTree = BUILT_PRODUCTS_DIR; };
		D091311019EBDAEF0086C423 /* Info.plist */ = {isa = PBXFileReference; lastKnownFileType = text.plist.xml; path = Info.plist; sourceTree = "<group>"; };
		D091311119EBDAEF0086C423 /* BabyDailyTests.m */ = {isa = PBXFileReference; lastKnownFileType = sourcecode.c.objc; path = BabyDailyTests.m; sourceTree = "<group>"; };
		D099709C19FF2C07005030EC /* LookViewController.h */ = {isa = PBXFileReference; fileEncoding = 4; lastKnownFileType = sourcecode.c.h; path = LookViewController.h; sourceTree = "<group>"; };
		D099709D19FF2C07005030EC /* LookViewController.m */ = {isa = PBXFileReference; fileEncoding = 4; lastKnownFileType = sourcecode.c.objc; path = LookViewController.m; sourceTree = "<group>"; };
		D0FD5BC719EE2AC80068FE00 /* DailyDetailViewController.h */ = {isa = PBXFileReference; fileEncoding = 4; lastKnownFileType = sourcecode.c.h; path = DailyDetailViewController.h; sourceTree = "<group>"; };
		D0FD5BC819EE2AC80068FE00 /* DailyDetailViewController.m */ = {isa = PBXFileReference; fileEncoding = 4; lastKnownFileType = sourcecode.c.objc; path = DailyDetailViewController.m; sourceTree = "<group>"; };
		D0FD5BCC19EE679C0068FE00 /* AFHTTPRequestOperation.h */ = {isa = PBXFileReference; fileEncoding = 4; lastKnownFileType = sourcecode.c.h; path = AFHTTPRequestOperation.h; sourceTree = "<group>"; };
		D0FD5BCD19EE679C0068FE00 /* AFHTTPRequestOperation.m */ = {isa = PBXFileReference; fileEncoding = 4; lastKnownFileType = sourcecode.c.objc; path = AFHTTPRequestOperation.m; sourceTree = "<group>"; };
		D0FD5BCE19EE679C0068FE00 /* AFHTTPRequestOperationManager.h */ = {isa = PBXFileReference; fileEncoding = 4; lastKnownFileType = sourcecode.c.h; path = AFHTTPRequestOperationManager.h; sourceTree = "<group>"; };
		D0FD5BCF19EE679C0068FE00 /* AFHTTPRequestOperationManager.m */ = {isa = PBXFileReference; fileEncoding = 4; lastKnownFileType = sourcecode.c.objc; path = AFHTTPRequestOperationManager.m; sourceTree = "<group>"; };
		D0FD5BD019EE679C0068FE00 /* AFHTTPSessionManager.h */ = {isa = PBXFileReference; fileEncoding = 4; lastKnownFileType = sourcecode.c.h; path = AFHTTPSessionManager.h; sourceTree = "<group>"; };
		D0FD5BD119EE679C0068FE00 /* AFHTTPSessionManager.m */ = {isa = PBXFileReference; fileEncoding = 4; lastKnownFileType = sourcecode.c.objc; path = AFHTTPSessionManager.m; sourceTree = "<group>"; };
		D0FD5BD219EE679C0068FE00 /* AFNetworking.h */ = {isa = PBXFileReference; fileEncoding = 4; lastKnownFileType = sourcecode.c.h; path = AFNetworking.h; sourceTree = "<group>"; };
		D0FD5BD319EE679C0068FE00 /* AFNetworkReachabilityManager.h */ = {isa = PBXFileReference; fileEncoding = 4; lastKnownFileType = sourcecode.c.h; path = AFNetworkReachabilityManager.h; sourceTree = "<group>"; };
		D0FD5BD419EE679C0068FE00 /* AFNetworkReachabilityManager.m */ = {isa = PBXFileReference; fileEncoding = 4; lastKnownFileType = sourcecode.c.objc; path = AFNetworkReachabilityManager.m; sourceTree = "<group>"; };
		D0FD5BD519EE679C0068FE00 /* AFSecurityPolicy.h */ = {isa = PBXFileReference; fileEncoding = 4; lastKnownFileType = sourcecode.c.h; path = AFSecurityPolicy.h; sourceTree = "<group>"; };
		D0FD5BD619EE679C0068FE00 /* AFSecurityPolicy.m */ = {isa = PBXFileReference; fileEncoding = 4; lastKnownFileType = sourcecode.c.objc; path = AFSecurityPolicy.m; sourceTree = "<group>"; };
		D0FD5BD719EE679C0068FE00 /* AFURLConnectionOperation.h */ = {isa = PBXFileReference; fileEncoding = 4; lastKnownFileType = sourcecode.c.h; path = AFURLConnectionOperation.h; sourceTree = "<group>"; };
		D0FD5BD819EE679C0068FE00 /* AFURLConnectionOperation.m */ = {isa = PBXFileReference; fileEncoding = 4; lastKnownFileType = sourcecode.c.objc; path = AFURLConnectionOperation.m; sourceTree = "<group>"; };
		D0FD5BD919EE679C0068FE00 /* AFURLRequestSerialization.h */ = {isa = PBXFileReference; fileEncoding = 4; lastKnownFileType = sourcecode.c.h; path = AFURLRequestSerialization.h; sourceTree = "<group>"; };
		D0FD5BDA19EE679C0068FE00 /* AFURLRequestSerialization.m */ = {isa = PBXFileReference; fileEncoding = 4; lastKnownFileType = sourcecode.c.objc; path = AFURLRequestSerialization.m; sourceTree = "<group>"; };
		D0FD5BDB19EE679C0068FE00 /* AFURLResponseSerialization.h */ = {isa = PBXFileReference; fileEncoding = 4; lastKnownFileType = sourcecode.c.h; path = AFURLResponseSerialization.h; sourceTree = "<group>"; };
		D0FD5BDC19EE679C0068FE00 /* AFURLResponseSerialization.m */ = {isa = PBXFileReference; fileEncoding = 4; lastKnownFileType = sourcecode.c.objc; path = AFURLResponseSerialization.m; sourceTree = "<group>"; };
		D0FD5BDD19EE679C0068FE00 /* AFURLSessionManager.h */ = {isa = PBXFileReference; fileEncoding = 4; lastKnownFileType = sourcecode.c.h; path = AFURLSessionManager.h; sourceTree = "<group>"; };
		D0FD5BDE19EE679C0068FE00 /* AFURLSessionManager.m */ = {isa = PBXFileReference; fileEncoding = 4; lastKnownFileType = sourcecode.c.objc; path = AFURLSessionManager.m; sourceTree = "<group>"; };
		D0FD5BE019EE679C0068FE00 /* AFNetworkActivityIndicatorManager.h */ = {isa = PBXFileReference; fileEncoding = 4; lastKnownFileType = sourcecode.c.h; path = AFNetworkActivityIndicatorManager.h; sourceTree = "<group>"; };
		D0FD5BE119EE679C0068FE00 /* AFNetworkActivityIndicatorManager.m */ = {isa = PBXFileReference; fileEncoding = 4; lastKnownFileType = sourcecode.c.objc; path = AFNetworkActivityIndicatorManager.m; sourceTree = "<group>"; };
		D0FD5BE219EE679C0068FE00 /* UIActivityIndicatorView+AFNetworking.h */ = {isa = PBXFileReference; fileEncoding = 4; lastKnownFileType = sourcecode.c.h; path = "UIActivityIndicatorView+AFNetworking.h"; sourceTree = "<group>"; };
		D0FD5BE319EE679C0068FE00 /* UIActivityIndicatorView+AFNetworking.m */ = {isa = PBXFileReference; fileEncoding = 4; lastKnownFileType = sourcecode.c.objc; path = "UIActivityIndicatorView+AFNetworking.m"; sourceTree = "<group>"; };
		D0FD5BE419EE679C0068FE00 /* UIAlertView+AFNetworking.h */ = {isa = PBXFileReference; fileEncoding = 4; lastKnownFileType = sourcecode.c.h; path = "UIAlertView+AFNetworking.h"; sourceTree = "<group>"; };
		D0FD5BE519EE679C0068FE00 /* UIAlertView+AFNetworking.m */ = {isa = PBXFileReference; fileEncoding = 4; lastKnownFileType = sourcecode.c.objc; path = "UIAlertView+AFNetworking.m"; sourceTree = "<group>"; };
		D0FD5BE619EE679C0068FE00 /* UIButton+AFNetworking.h */ = {isa = PBXFileReference; fileEncoding = 4; lastKnownFileType = sourcecode.c.h; path = "UIButton+AFNetworking.h"; sourceTree = "<group>"; };
		D0FD5BE719EE679C0068FE00 /* UIButton+AFNetworking.m */ = {isa = PBXFileReference; fileEncoding = 4; lastKnownFileType = sourcecode.c.objc; path = "UIButton+AFNetworking.m"; sourceTree = "<group>"; };
		D0FD5BE819EE679C0068FE00 /* UIImageView+AFNetworking.h */ = {isa = PBXFileReference; fileEncoding = 4; lastKnownFileType = sourcecode.c.h; path = "UIImageView+AFNetworking.h"; sourceTree = "<group>"; };
		D0FD5BE919EE679C0068FE00 /* UIImageView+AFNetworking.m */ = {isa = PBXFileReference; fileEncoding = 4; lastKnownFileType = sourcecode.c.objc; path = "UIImageView+AFNetworking.m"; sourceTree = "<group>"; };
		D0FD5BEA19EE679C0068FE00 /* UIKit+AFNetworking.h */ = {isa = PBXFileReference; fileEncoding = 4; lastKnownFileType = sourcecode.c.h; path = "UIKit+AFNetworking.h"; sourceTree = "<group>"; };
		D0FD5BEB19EE679C0068FE00 /* UIProgressView+AFNetworking.h */ = {isa = PBXFileReference; fileEncoding = 4; lastKnownFileType = sourcecode.c.h; path = "UIProgressView+AFNetworking.h"; sourceTree = "<group>"; };
		D0FD5BEC19EE679C0068FE00 /* UIProgressView+AFNetworking.m */ = {isa = PBXFileReference; fileEncoding = 4; lastKnownFileType = sourcecode.c.objc; path = "UIProgressView+AFNetworking.m"; sourceTree = "<group>"; };
		D0FD5BED19EE679C0068FE00 /* UIRefreshControl+AFNetworking.h */ = {isa = PBXFileReference; fileEncoding = 4; lastKnownFileType = sourcecode.c.h; path = "UIRefreshControl+AFNetworking.h"; sourceTree = "<group>"; };
		D0FD5BEE19EE679C0068FE00 /* UIRefreshControl+AFNetworking.m */ = {isa = PBXFileReference; fileEncoding = 4; lastKnownFileType = sourcecode.c.objc; path = "UIRefreshControl+AFNetworking.m"; sourceTree = "<group>"; };
		D0FD5BEF19EE679C0068FE00 /* UIWebView+AFNetworking.h */ = {isa = PBXFileReference; fileEncoding = 4; lastKnownFileType = sourcecode.c.h; path = "UIWebView+AFNetworking.h"; sourceTree = "<group>"; };
		D0FD5BF019EE679C0068FE00 /* UIWebView+AFNetworking.m */ = {isa = PBXFileReference; fileEncoding = 4; lastKnownFileType = sourcecode.c.objc; path = "UIWebView+AFNetworking.m"; sourceTree = "<group>"; };
/* End PBXFileReference section */

/* Begin PBXFrameworksBuildPhase section */
		D09130EC19EBDAEF0086C423 /* Frameworks */ = {
			isa = PBXFrameworksBuildPhase;
			buildActionMask = 2147483647;
			files = (
				9F5FD35D19F54BC500274E6A /* MapKit.framework in Frameworks */,
				D06B453F19F0F3FE00D1FE72 /* libz.dylib in Frameworks */,
				D07144B219ED017C001AD540 /* Realm.framework in Frameworks */,
				D07144B119ED00E5001AD540 /* libc++.dylib in Frameworks */,
			);
			runOnlyForDeploymentPostprocessing = 0;
		};
		D091310819EBDAEF0086C423 /* Frameworks */ = {
			isa = PBXFrameworksBuildPhase;
			buildActionMask = 2147483647;
			files = (
			);
			runOnlyForDeploymentPostprocessing = 0;
		};
/* End PBXFrameworksBuildPhase section */

/* Begin PBXGroup section */
		9FFD96F719F142EF004D5AF2 /* AsyncImageView */ = {
			isa = PBXGroup;
			children = (
				9FFD96F819F1431E004D5AF2 /* AsyncImageView.h */,
				9FFD96F919F1431E004D5AF2 /* AsyncImageView.m */,
			);
			path = AsyncImageView;
			sourceTree = "<group>";
		};
		D00E0F4E19F1148D00BD072E /* PAImageView */ = {
			isa = PBXGroup;
			children = (
				D00E0F4F19F1149E00BD072E /* PAImageView.h */,
				D00E0F5019F1149E00BD072E /* PAImageView.m */,
			);
			path = PAImageView;
			sourceTree = "<group>";
		};
		D013B90E19F8B48B00DC5AA2 /* ASProgressPopUpView */ = {
			isa = PBXGroup;
			children = (
				D013B90F19F8B4AE00DC5AA2 /* ASPopUpView.h */,
				D013B91019F8B4AE00DC5AA2 /* ASPopUpView.m */,
				D013B91119F8B4AE00DC5AA2 /* ASProgressPopUpView.h */,
				D013B91219F8B4AE00DC5AA2 /* ASProgressPopUpView.m */,
			);
			path = ASProgressPopUpView;
			sourceTree = "<group>";
		};
		D054E1EC19F7975200CB95F8 /* SDWebImage */ = {
			isa = PBXGroup;
			children = (
				D054E1ED19F7976E00CB95F8 /* MKAnnotationView+WebCache.h */,
				D054E1EE19F7976E00CB95F8 /* MKAnnotationView+WebCache.m */,
				D054E1EF19F7976E00CB95F8 /* NSData+ImageContentType.h */,
				D054E1F019F7976E00CB95F8 /* NSData+ImageContentType.m */,
				D054E1F119F7976E00CB95F8 /* SDImageCache.h */,
				D054E1F219F7976E00CB95F8 /* SDImageCache.m */,
				D054E1F319F7976E00CB95F8 /* SDWebImageCompat.h */,
				D054E1F419F7976E00CB95F8 /* SDWebImageCompat.m */,
				D054E1F519F7976E00CB95F8 /* SDWebImageDecoder.h */,
				D054E1F619F7976E00CB95F8 /* SDWebImageDecoder.m */,
				D054E1F719F7976E00CB95F8 /* SDWebImageDownloader.h */,
				D054E1F819F7976E00CB95F8 /* SDWebImageDownloader.m */,
				D054E1F919F7976E00CB95F8 /* SDWebImageDownloaderOperation.h */,
				D054E1FA19F7976E00CB95F8 /* SDWebImageDownloaderOperation.m */,
				D054E1FB19F7976E00CB95F8 /* SDWebImageManager.h */,
				D054E1FC19F7976E00CB95F8 /* SDWebImageManager.m */,
				D054E1FD19F7976E00CB95F8 /* SDWebImageOperation.h */,
				D054E1FE19F7976E00CB95F8 /* SDWebImagePrefetcher.h */,
				D054E1FF19F7976E00CB95F8 /* SDWebImagePrefetcher.m */,
				D054E20019F7976E00CB95F8 /* UIButton+WebCache.h */,
				D054E20119F7976E00CB95F8 /* UIButton+WebCache.m */,
				D054E20219F7976E00CB95F8 /* UIImage+GIF.h */,
				D054E20319F7976E00CB95F8 /* UIImage+GIF.m */,
				D054E20419F7976E00CB95F8 /* UIImage+MultiFormat.h */,
				D054E20519F7976E00CB95F8 /* UIImage+MultiFormat.m */,
				D054E20619F7976E00CB95F8 /* UIImage+WebP.h */,
				D054E20719F7976E00CB95F8 /* UIImage+WebP.m */,
				D054E20819F7976E00CB95F8 /* UIImageView+HighlightedWebCache.h */,
				D054E20919F7976E00CB95F8 /* UIImageView+HighlightedWebCache.m */,
				D054E20A19F7976E00CB95F8 /* UIImageView+WebCache.h */,
				D054E20B19F7976E00CB95F8 /* UIImageView+WebCache.m */,
				D054E20C19F7976E00CB95F8 /* UIView+WebCacheOperation.h */,
				D054E20D19F7976E00CB95F8 /* UIView+WebCacheOperation.m */,
			);
			path = SDWebImage;
			sourceTree = "<group>";
		};
		D05C1E5219F4C614005F6504 /* MJRefresh */ = {
			isa = PBXGroup;
			children = (
				D05C1E5319F4C63F005F6504 /* MJRefresh.bundle */,
				D05C1E5419F4C63F005F6504 /* MJRefresh.h */,
				D05C1E5519F4C63F005F6504 /* MJRefreshBaseView.h */,
				D05C1E5619F4C63F005F6504 /* MJRefreshBaseView.m */,
				D05C1E5719F4C63F005F6504 /* MJRefreshConst.h */,
				D05C1E5819F4C63F005F6504 /* MJRefreshConst.m */,
				D05C1E5919F4C63F005F6504 /* MJRefreshFooterView.h */,
				D05C1E5A19F4C63F005F6504 /* MJRefreshFooterView.m */,
				D05C1E5B19F4C63F005F6504 /* MJRefreshHeaderView.h */,
				D05C1E5C19F4C63F005F6504 /* MJRefreshHeaderView.m */,
				D05C1E5D19F4C63F005F6504 /* UIScrollView+MJExtension.h */,
				D05C1E5E19F4C63F005F6504 /* UIScrollView+MJExtension.m */,
				D05C1E5F19F4C63F005F6504 /* UIScrollView+MJRefresh.h */,
				D05C1E6019F4C63F005F6504 /* UIScrollView+MJRefresh.m */,
				D05C1E6119F4C63F005F6504 /* UIView+MJExtension.h */,
				D05C1E6219F4C63F005F6504 /* UIView+MJExtension.m */,
			);
			path = MJRefresh;
			sourceTree = "<group>";
		};
		D06B451319F0F3BB00D1FE72 /* QiNiu */ = {
			isa = PBXGroup;
			children = (
				D06B451419F0F3E300D1FE72 /* QiniuSDK */,
				D013B91519F8C76C00DC5AA2 /* QiniuUploadDelegate.h */,
			);
			path = QiNiu;
			sourceTree = "<group>";
		};
		D06B451419F0F3E300D1FE72 /* QiniuSDK */ = {
			isa = PBXGroup;
			children = (
				D013B91A19F8CE6E00DC5AA2 /* QiniuBlkputRet.h */,
				D013B91B19F8CE6E00DC5AA2 /* QiniuBlkputRet.m */,
				D013B91C19F8CE6E00DC5AA2 /* QiniuConfig.h */,
				D013B91D19F8CE6E00DC5AA2 /* QiniuConfig.m */,
				D013B91E19F8CE6E00DC5AA2 /* QiniuHttpClient.h */,
				D013B91F19F8CE6E00DC5AA2 /* QiniuHttpClient.m */,
				D013B92019F8CE6E00DC5AA2 /* QiniuResumableClient.h */,
				D013B92119F8CE6E00DC5AA2 /* QiniuResumableClient.m */,
				D013B92219F8CE6E00DC5AA2 /* QiniuResumableUploader.h */,
				D013B92319F8CE6E00DC5AA2 /* QiniuResumableUploader.m */,
				D013B92419F8CE6E00DC5AA2 /* QiniuSDK-Prefix.pch */,
				D013B92519F8CE6E00DC5AA2 /* QiniuUploadDelegate.h */,
				D013B92619F8CE6E00DC5AA2 /* QiniuUtils.h */,
				D013B92719F8CE6E00DC5AA2 /* QiniuUtils.m */,
				D013B91719F8C9A800DC5AA2 /* QiniuSimpleUploader.h */,
				D013B91819F8C9A800DC5AA2 /* QiniuSimpleUploader.m */,
				D06B451519F0F3E300D1FE72 /* Common */,
				D06B451F19F0F3E300D1FE72 /* Http */,
				D06B452619F0F3E300D1FE72 /* QiniuSDK.h */,
				D06B452719F0F3E300D1FE72 /* Recorder */,
				D06B452B19F0F3E300D1FE72 /* Storage */,
			);
			path = QiniuSDK;
			sourceTree = "<group>";
		};
		D06B451519F0F3E300D1FE72 /* Common */ = {
			isa = PBXGroup;
			children = (
				D06B451619F0F3E300D1FE72 /* QNConfig.h */,
				D06B451719F0F3E300D1FE72 /* QNConfig.m */,
				D06B451819F0F3E300D1FE72 /* QNCrc32.h */,
				D06B451919F0F3E300D1FE72 /* QNCrc32.m */,
				D06B451A19F0F3E300D1FE72 /* QNEtag.h */,
				D06B451B19F0F3E300D1FE72 /* QNEtag.m */,
				D06B451C19F0F3E300D1FE72 /* QNUrlSafeBase64.h */,
				D06B451D19F0F3E300D1FE72 /* QNUrlSafeBase64.m */,
				D06B451E19F0F3E300D1FE72 /* QNVersion.h */,
			);
			path = Common;
			sourceTree = "<group>";
		};
		D06B451F19F0F3E300D1FE72 /* Http */ = {
			isa = PBXGroup;
			children = (
				D06B452019F0F3E300D1FE72 /* QNHttpManager.h */,
				D06B452119F0F3E300D1FE72 /* QNHttpManager.m */,
				D06B452219F0F3E300D1FE72 /* QNResponseInfo.h */,
				D06B452319F0F3E300D1FE72 /* QNResponseInfo.m */,
				D06B452419F0F3E300D1FE72 /* QNUserAgent.h */,
				D06B452519F0F3E300D1FE72 /* QNUserAgent.m */,
			);
			path = Http;
			sourceTree = "<group>";
		};
		D06B452719F0F3E300D1FE72 /* Recorder */ = {
			isa = PBXGroup;
			children = (
				D06B452819F0F3E300D1FE72 /* QNFileRecorder.h */,
				D06B452919F0F3E300D1FE72 /* QNFileRecorder.m */,
				D06B452A19F0F3E300D1FE72 /* QNRecorderDelegate.h */,
			);
			path = Recorder;
			sourceTree = "<group>";
		};
		D06B452B19F0F3E300D1FE72 /* Storage */ = {
			isa = PBXGroup;
			children = (
				D06B452C19F0F3E300D1FE72 /* QNResumeUpload.h */,
				D06B452D19F0F3E300D1FE72 /* QNResumeUpload.m */,
				D06B452E19F0F3E300D1FE72 /* QNUploadManager.h */,
				D06B452F19F0F3E300D1FE72 /* QNUploadManager.m */,
				D06B453019F0F3E300D1FE72 /* QNUploadOption+Private.h */,
				D06B453119F0F3E300D1FE72 /* QNUploadOption.h */,
				D06B453219F0F3E300D1FE72 /* QNUploadOption.m */,
			);
			path = Storage;
			sourceTree = "<group>";
		};
		D06B454019F0F42600D1FE72 /* FrameWork */ = {
			isa = PBXGroup;
			children = (
				D06B453E19F0F3FE00D1FE72 /* libz.dylib */,
			);
			path = FrameWork;
			sourceTree = "<group>";
		};
		D071448619ECECEF001AD540 /* ImagePicker */ = {
			isa = PBXGroup;
			children = (
				D071448719ECED05001AD540 /* UIImage+UzysExtension.h */,
				D071448819ECED05001AD540 /* UIImage+UzysExtension.m */,
				D071448919ECED05001AD540 /* UzysAppearanceConfig.h */,
				D071448A19ECED05001AD540 /* UzysAppearanceConfig.m */,
				D071448B19ECED05001AD540 /* UzysAssetPickerController.bundle */,
				D071448C19ECED05001AD540 /* UzysAssetsPickerController_Configuration.h */,
				D071448D19ECED05001AD540 /* UzysAssetsPickerController.h */,
				D071448E19ECED05001AD540 /* UzysAssetsPickerController.m */,
				D071448F19ECED05001AD540 /* UzysAssetsPickerController.xib */,
				D071449019ECED05001AD540 /* UzysAssetsViewCell.h */,
				D071449119ECED05001AD540 /* UzysAssetsViewCell.m */,
				D071449219ECED05001AD540 /* UzysGroupPickerView.h */,
				D071449319ECED05001AD540 /* UzysGroupPickerView.m */,
				D071449419ECED05001AD540 /* UzysGroupViewCell.h */,
				D071449519ECED05001AD540 /* UzysGroupViewCell.m */,
				D071449619ECED05001AD540 /* UzysWrapperPickerController.h */,
				D071449719ECED05001AD540 /* UzysWrapperPickerController.m */,
			);
			path = ImagePicker;
			sourceTree = "<group>";
		};
		D07144A419ECFF5D001AD540 /* EntityClass */ = {
			isa = PBXGroup;
			children = (
				D07144A519ECFF9B001AD540 /* Daily.h */,
				D07144A619ECFF9B001AD540 /* Daily.m */,
				D027E9B119ED29D0007A3EB9 /* DailyOne.h */,
				D027E9B219ED29D0007A3EB9 /* DailyOne.m */,
			);
			path = EntityClass;
			sourceTree = "<group>";
		};
		D07144A819ECFFD1001AD540 /* Realm */ = {
			isa = PBXGroup;
			children = (
				D07144B019ED00E5001AD540 /* libc++.dylib */,
				D07144AD19ED0083001AD540 /* Realm.framework */,
			);
			path = Realm;
			sourceTree = "<group>";
		};
		D09130E619EBDAEF0086C423 = {
			isa = PBXGroup;
			children = (
				D013B90E19F8B48B00DC5AA2 /* ASProgressPopUpView */,
				D054E1EC19F7975200CB95F8 /* SDWebImage */,
				9F5FD35C19F54BC500274E6A /* MapKit.framework */,
				D05C1E5219F4C614005F6504 /* MJRefresh */,
				9FFD96F719F142EF004D5AF2 /* AsyncImageView */,
				D00E0F4E19F1148D00BD072E /* PAImageView */,
				D06B454019F0F42600D1FE72 /* FrameWork */,
				D06B451319F0F3BB00D1FE72 /* QiNiu */,
				D0FD5BCA19EE673E0068FE00 /* AFNetWorking */,
				D07144A819ECFFD1001AD540 /* Realm */,
				D07144A419ECFF5D001AD540 /* EntityClass */,
				D071448619ECECEF001AD540 /* ImagePicker */,
				D09130F119EBDAEF0086C423 /* BabyDaily */,
				D091310E19EBDAEF0086C423 /* BabyDailyTests */,
				D09130F019EBDAEF0086C423 /* Products */,
			);
			sourceTree = "<group>";
		};
		D09130F019EBDAEF0086C423 /* Products */ = {
			isa = PBXGroup;
			children = (
				D09130EF19EBDAEF0086C423 /* BabyDaily.app */,
				D091310B19EBDAEF0086C423 /* BabyDailyTests.xctest */,
			);
			name = Products;
			sourceTree = "<group>";
		};
		D09130F119EBDAEF0086C423 /* BabyDaily */ = {
			isa = PBXGroup;
			children = (
				D09130F619EBDAEF0086C423 /* AppDelegate.h */,
				D09130F719EBDAEF0086C423 /* AppDelegate.m */,
				D09130F919EBDAEF0086C423 /* FirstViewController.h */,
				D09130FA19EBDAEF0086C423 /* FirstViewController.m */,
				D09130FC19EBDAEF0086C423 /* SecondViewController.h */,
				D09130FD19EBDAEF0086C423 /* SecondViewController.m */,
				D09130FF19EBDAEF0086C423 /* Main.storyboard */,
				D091310219EBDAEF0086C423 /* Images.xcassets */,
				D091310419EBDAEF0086C423 /* LaunchScreen.xib */,
				D09130F219EBDAEF0086C423 /* Supporting Files */,
				9F993D7E19EC1BC20030310C /* WriteDailyViewController.h */,
				9F993D7F19EC1BC20030310C /* WriteDailyViewController.m */,
				D0FD5BC719EE2AC80068FE00 /* DailyDetailViewController.h */,
				D0FD5BC819EE2AC80068FE00 /* DailyDetailViewController.m */,
				9F1A32C519FB65210001DFCC /* TestViewController.h */,
				9F1A32C619FB65210001DFCC /* TestViewController.m */,
				D099709C19FF2C07005030EC /* LookViewController.h */,
				D099709D19FF2C07005030EC /* LookViewController.m */,
				9FBA0FE51A125D480032BD34 /* MyResultTableViewController.h */,
				9FBA0FE61A125D480032BD34 /* MyResultTableViewController.m */,
				9F2F763C1A139EA700E6A76C /* SearchResultController.h */,
				9F2F763D1A139EA700E6A76C /* SearchResultController.m */,
				9F2F763F1A13A7A500E6A76C /* TableCell.xib */,
			);
			path = BabyDaily;
			sourceTree = "<group>";
		};
		D09130F219EBDAEF0086C423 /* Supporting Files */ = {
			isa = PBXGroup;
			children = (
				D09130F319EBDAEF0086C423 /* Info.plist */,
				D09130F419EBDAEF0086C423 /* main.m */,
			);
			name = "Supporting Files";
			sourceTree = "<group>";
		};
		D091310E19EBDAEF0086C423 /* BabyDailyTests */ = {
			isa = PBXGroup;
			children = (
				D091311119EBDAEF0086C423 /* BabyDailyTests.m */,
				D091310F19EBDAEF0086C423 /* Supporting Files */,
			);
			path = BabyDailyTests;
			sourceTree = "<group>";
		};
		D091310F19EBDAEF0086C423 /* Supporting Files */ = {
			isa = PBXGroup;
			children = (
				D091311019EBDAEF0086C423 /* Info.plist */,
			);
			name = "Supporting Files";
			sourceTree = "<group>";
		};
		D0FD5BCA19EE673E0068FE00 /* AFNetWorking */ = {
			isa = PBXGroup;
			children = (
				D0FD5BCB19EE679C0068FE00 /* AFNetworking */,
				D0FD5BDF19EE679C0068FE00 /* UIKit+AFNetworking */,
			);
			path = AFNetWorking;
			sourceTree = "<group>";
		};
		D0FD5BCB19EE679C0068FE00 /* AFNetworking */ = {
			isa = PBXGroup;
			children = (
				D0FD5BCC19EE679C0068FE00 /* AFHTTPRequestOperation.h */,
				D0FD5BCD19EE679C0068FE00 /* AFHTTPRequestOperation.m */,
				D0FD5BCE19EE679C0068FE00 /* AFHTTPRequestOperationManager.h */,
				D0FD5BCF19EE679C0068FE00 /* AFHTTPRequestOperationManager.m */,
				D0FD5BD019EE679C0068FE00 /* AFHTTPSessionManager.h */,
				D0FD5BD119EE679C0068FE00 /* AFHTTPSessionManager.m */,
				D0FD5BD219EE679C0068FE00 /* AFNetworking.h */,
				D0FD5BD319EE679C0068FE00 /* AFNetworkReachabilityManager.h */,
				D0FD5BD419EE679C0068FE00 /* AFNetworkReachabilityManager.m */,
				D0FD5BD519EE679C0068FE00 /* AFSecurityPolicy.h */,
				D0FD5BD619EE679C0068FE00 /* AFSecurityPolicy.m */,
				D0FD5BD719EE679C0068FE00 /* AFURLConnectionOperation.h */,
				D0FD5BD819EE679C0068FE00 /* AFURLConnectionOperation.m */,
				D0FD5BD919EE679C0068FE00 /* AFURLRequestSerialization.h */,
				D0FD5BDA19EE679C0068FE00 /* AFURLRequestSerialization.m */,
				D0FD5BDB19EE679C0068FE00 /* AFURLResponseSerialization.h */,
				D0FD5BDC19EE679C0068FE00 /* AFURLResponseSerialization.m */,
				D0FD5BDD19EE679C0068FE00 /* AFURLSessionManager.h */,
				D0FD5BDE19EE679C0068FE00 /* AFURLSessionManager.m */,
			);
			path = AFNetworking;
			sourceTree = "<group>";
		};
		D0FD5BDF19EE679C0068FE00 /* UIKit+AFNetworking */ = {
			isa = PBXGroup;
			children = (
				D0FD5BE019EE679C0068FE00 /* AFNetworkActivityIndicatorManager.h */,
				D0FD5BE119EE679C0068FE00 /* AFNetworkActivityIndicatorManager.m */,
				D0FD5BE219EE679C0068FE00 /* UIActivityIndicatorView+AFNetworking.h */,
				D0FD5BE319EE679C0068FE00 /* UIActivityIndicatorView+AFNetworking.m */,
				D0FD5BE419EE679C0068FE00 /* UIAlertView+AFNetworking.h */,
				D0FD5BE519EE679C0068FE00 /* UIAlertView+AFNetworking.m */,
				D0FD5BE619EE679C0068FE00 /* UIButton+AFNetworking.h */,
				D0FD5BE719EE679C0068FE00 /* UIButton+AFNetworking.m */,
				D0FD5BE819EE679C0068FE00 /* UIImageView+AFNetworking.h */,
				D0FD5BE919EE679C0068FE00 /* UIImageView+AFNetworking.m */,
				D0FD5BEA19EE679C0068FE00 /* UIKit+AFNetworking.h */,
				D0FD5BEB19EE679C0068FE00 /* UIProgressView+AFNetworking.h */,
				D0FD5BEC19EE679C0068FE00 /* UIProgressView+AFNetworking.m */,
				D0FD5BED19EE679C0068FE00 /* UIRefreshControl+AFNetworking.h */,
				D0FD5BEE19EE679C0068FE00 /* UIRefreshControl+AFNetworking.m */,
				D0FD5BEF19EE679C0068FE00 /* UIWebView+AFNetworking.h */,
				D0FD5BF019EE679C0068FE00 /* UIWebView+AFNetworking.m */,
			);
			path = "UIKit+AFNetworking";
			sourceTree = "<group>";
		};
/* End PBXGroup section */

/* Begin PBXNativeTarget section */
		D09130EE19EBDAEF0086C423 /* BabyDaily */ = {
			isa = PBXNativeTarget;
			buildConfigurationList = D091311519EBDAEF0086C423 /* Build configuration list for PBXNativeTarget "BabyDaily" */;
			buildPhases = (
				D09130EB19EBDAEF0086C423 /* Sources */,
				D09130EC19EBDAEF0086C423 /* Frameworks */,
				D09130ED19EBDAEF0086C423 /* Resources */,
			);
			buildRules = (
			);
			dependencies = (
			);
			name = BabyDaily;
			productName = BabyDaily;
			productReference = D09130EF19EBDAEF0086C423 /* BabyDaily.app */;
			productType = "com.apple.product-type.application";
		};
		D091310A19EBDAEF0086C423 /* BabyDailyTests */ = {
			isa = PBXNativeTarget;
			buildConfigurationList = D091311819EBDAEF0086C423 /* Build configuration list for PBXNativeTarget "BabyDailyTests" */;
			buildPhases = (
				D091310719EBDAEF0086C423 /* Sources */,
				D091310819EBDAEF0086C423 /* Frameworks */,
				D091310919EBDAEF0086C423 /* Resources */,
			);
			buildRules = (
			);
			dependencies = (
				D091310D19EBDAEF0086C423 /* PBXTargetDependency */,
			);
			name = BabyDailyTests;
			productName = BabyDailyTests;
			productReference = D091310B19EBDAEF0086C423 /* BabyDailyTests.xctest */;
			productType = "com.apple.product-type.bundle.unit-test";
		};
/* End PBXNativeTarget section */

/* Begin PBXProject section */
		D09130E719EBDAEF0086C423 /* Project object */ = {
			isa = PBXProject;
			attributes = {
				LastUpgradeCheck = 0600;
				ORGANIZATIONNAME = Ctrip;
				TargetAttributes = {
					D09130EE19EBDAEF0086C423 = {
						CreatedOnToolsVersion = 6.0.1;
					};
					D091310A19EBDAEF0086C423 = {
						CreatedOnToolsVersion = 6.0.1;
						TestTargetID = D09130EE19EBDAEF0086C423;
					};
				};
			};
			buildConfigurationList = D09130EA19EBDAEF0086C423 /* Build configuration list for PBXProject "BabyDaily" */;
			compatibilityVersion = "Xcode 3.2";
			developmentRegion = English;
			hasScannedForEncodings = 0;
			knownRegions = (
				en,
				Base,
			);
			mainGroup = D09130E619EBDAEF0086C423;
			productRefGroup = D09130F019EBDAEF0086C423 /* Products */;
			projectDirPath = "";
			projectRoot = "";
			targets = (
				D09130EE19EBDAEF0086C423 /* BabyDaily */,
				D091310A19EBDAEF0086C423 /* BabyDailyTests */,
			);
		};
/* End PBXProject section */

/* Begin PBXResourcesBuildPhase section */
		D09130ED19EBDAEF0086C423 /* Resources */ = {
			isa = PBXResourcesBuildPhase;
			buildActionMask = 2147483647;
			files = (
				D091310119EBDAEF0086C423 /* Main.storyboard in Resources */,
				D091310619EBDAEF0086C423 /* LaunchScreen.xib in Resources */,
				D05C1E6319F4C63F005F6504 /* MJRefresh.bundle in Resources */,
				D071449C19ECED05001AD540 /* UzysAssetsPickerController.xib in Resources */,
				D071449A19ECED05001AD540 /* UzysAssetPickerController.bundle in Resources */,
				9F2F76401A13A7A500E6A76C /* TableCell.xib in Resources */,
				D091310319EBDAEF0086C423 /* Images.xcassets in Resources */,
			);
			runOnlyForDeploymentPostprocessing = 0;
		};
		D091310919EBDAEF0086C423 /* Resources */ = {
			isa = PBXResourcesBuildPhase;
			buildActionMask = 2147483647;
			files = (
			);
			runOnlyForDeploymentPostprocessing = 0;
		};
/* End PBXResourcesBuildPhase section */

/* Begin PBXSourcesBuildPhase section */
		D09130EB19EBDAEF0086C423 /* Sources */ = {
			isa = PBXSourcesBuildPhase;
			buildActionMask = 2147483647;
			files = (
				D013B91619F8C7FF00DC5AA2 /* QiniuUploadDelegate.h in Sources */,
				D054E21D19F7976E00CB95F8 /* UIView+WebCacheOperation.m in Sources */,
				D05C1E6619F4C63F005F6504 /* MJRefreshFooterView.m in Sources */,
				D09130FE19EBDAEF0086C423 /* SecondViewController.m in Sources */,
				9FFD96FA19F1431E004D5AF2 /* AsyncImageView.m in Sources */,
				D013B92819F8CE6E00DC5AA2 /* QiniuBlkputRet.m in Sources */,
				D013B92D19F8CE6E00DC5AA2 /* QiniuUtils.m in Sources */,
				D071449D19ECED05001AD540 /* UzysAssetsViewCell.m in Sources */,
				D054E20F19F7976E00CB95F8 /* NSData+ImageContentType.m in Sources */,
				D05C1E6819F4C63F005F6504 /* UIScrollView+MJExtension.m in Sources */,
				9F2F763E1A139EA700E6A76C /* SearchResultController.m in Sources */,
				D054E21B19F7976E00CB95F8 /* UIImageView+HighlightedWebCache.m in Sources */,
				D0FD5BFD19EE679C0068FE00 /* UIButton+AFNetworking.m in Sources */,
				D09130F819EBDAEF0086C423 /* AppDelegate.m in Sources */,
				D013B92919F8CE6E00DC5AA2 /* QiniuConfig.m in Sources */,
				D0FD5C0119EE679C0068FE00 /* UIWebView+AFNetworking.m in Sources */,
				D013B92C19F8CE6E00DC5AA2 /* QiniuResumableUploader.m in Sources */,
				D06B453919F0F3E300D1FE72 /* QNUserAgent.m in Sources */,
				9F1A32C719FB65210001DFCC /* TestViewController.m in Sources */,
				D05C1E6519F4C63F005F6504 /* MJRefreshConst.m in Sources */,
				D099709E19FF2C07005030EC /* LookViewController.m in Sources */,
				D0FD5BFF19EE679C0068FE00 /* UIProgressView+AFNetworking.m in Sources */,
				D0FD5BF319EE679C0068FE00 /* AFHTTPSessionManager.m in Sources */,
				D07144A719ECFF9B001AD540 /* Daily.m in Sources */,
				D013B91319F8B4AE00DC5AA2 /* ASPopUpView.m in Sources */,
				D06B453D19F0F3E300D1FE72 /* QNUploadOption.m in Sources */,
				D054E21419F7976E00CB95F8 /* SDWebImageDownloaderOperation.m in Sources */,
				D054E21919F7976E00CB95F8 /* UIImage+MultiFormat.m in Sources */,
				D0FD5BFE19EE679C0068FE00 /* UIImageView+AFNetworking.m in Sources */,
				D0FD5BF419EE679C0068FE00 /* AFNetworkReachabilityManager.m in Sources */,
				D0FD5BF119EE679C0068FE00 /* AFHTTPRequestOperation.m in Sources */,
				D013B92B19F8CE6E00DC5AA2 /* QiniuResumableClient.m in Sources */,
				D05C1E6719F4C63F005F6504 /* MJRefreshHeaderView.m in Sources */,
				D0FD5BF719EE679C0068FE00 /* AFURLRequestSerialization.m in Sources */,
				D0FD5BF619EE679C0068FE00 /* AFURLConnectionOperation.m in Sources */,
				D06B453819F0F3E300D1FE72 /* QNResponseInfo.m in Sources */,
				D013B91919F8C9A800DC5AA2 /* QiniuSimpleUploader.m in Sources */,
				D0FD5BF919EE679C0068FE00 /* AFURLSessionManager.m in Sources */,
				D06B453319F0F3E300D1FE72 /* QNConfig.m in Sources */,
				D054E21C19F7976E00CB95F8 /* UIImageView+WebCache.m in Sources */,
				D054E20E19F7976E00CB95F8 /* MKAnnotationView+WebCache.m in Sources */,
				D054E21A19F7976E00CB95F8 /* UIImage+WebP.m in Sources */,
				D013B91419F8B4AE00DC5AA2 /* ASProgressPopUpView.m in Sources */,
				D09130FB19EBDAEF0086C423 /* FirstViewController.m in Sources */,
				D05C1E6419F4C63F005F6504 /* MJRefreshBaseView.m in Sources */,
				D06B453419F0F3E300D1FE72 /* QNCrc32.m in Sources */,
				9F993D8019EC1BC20030310C /* WriteDailyViewController.m in Sources */,
				D054E21019F7976E00CB95F8 /* SDImageCache.m in Sources */,
				D0FD5BFB19EE679C0068FE00 /* UIActivityIndicatorView+AFNetworking.m in Sources */,
				D054E21219F7976E00CB95F8 /* SDWebImageDecoder.m in Sources */,
				D06B453C19F0F3E300D1FE72 /* QNUploadManager.m in Sources */,
				D00E0F5119F1149E00BD072E /* PAImageView.m in Sources */,
				D054E21119F7976E00CB95F8 /* SDWebImageCompat.m in Sources */,
				D0FD5BC919EE2AC80068FE00 /* DailyDetailViewController.m in Sources */,
				D071449819ECED05001AD540 /* UIImage+UzysExtension.m in Sources */,
				D07144A019ECED05001AD540 /* UzysWrapperPickerController.m in Sources */,
				D06B453519F0F3E300D1FE72 /* QNEtag.m in Sources */,
				9FBA0FE71A125D480032BD34 /* MyResultTableViewController.m in Sources */,
				D06B453719F0F3E300D1FE72 /* QNHttpManager.m in Sources */,
				D05C1E6A19F4C63F005F6504 /* UIView+MJExtension.m in Sources */,
				D09130F519EBDAEF0086C423 /* main.m in Sources */,
				D054E21719F7976E00CB95F8 /* UIButton+WebCache.m in Sources */,
				D071449E19ECED05001AD540 /* UzysGroupPickerView.m in Sources */,
				D071449919ECED05001AD540 /* UzysAppearanceConfig.m in Sources */,
				D071449F19ECED05001AD540 /* UzysGroupViewCell.m in Sources */,
				D0FD5BF519EE679C0068FE00 /* AFSecurityPolicy.m in Sources */,
				D0FD5C0019EE679C0068FE00 /* UIRefreshControl+AFNetworking.m in Sources */,
				D06B453A19F0F3E300D1FE72 /* QNFileRecorder.m in Sources */,
				D0FD5BFC19EE679C0068FE00 /* UIAlertView+AFNetworking.m in Sources */,
				D013B92A19F8CE6E00DC5AA2 /* QiniuHttpClient.m in Sources */,
				D06B453619F0F3E300D1FE72 /* QNUrlSafeBase64.m in Sources */,
				D054E21319F7976E00CB95F8 /* SDWebImageDownloader.m in Sources */,
				D05C1E6919F4C63F005F6504 /* UIScrollView+MJRefresh.m in Sources */,
				D054E21819F7976E00CB95F8 /* UIImage+GIF.m in Sources */,
				D027E9B319ED29D0007A3EB9 /* DailyOne.m in Sources */,
				D06B453B19F0F3E300D1FE72 /* QNResumeUpload.m in Sources */,
				D0FD5BF219EE679C0068FE00 /* AFHTTPRequestOperationManager.m in Sources */,
				D071449B19ECED05001AD540 /* UzysAssetsPickerController.m in Sources */,
				D054E21519F7976E00CB95F8 /* SDWebImageManager.m in Sources */,
				D0FD5BF819EE679C0068FE00 /* AFURLResponseSerialization.m in Sources */,
				D0FD5BFA19EE679C0068FE00 /* AFNetworkActivityIndicatorManager.m in Sources */,
				D054E21619F7976E00CB95F8 /* SDWebImagePrefetcher.m in Sources */,
			);
			runOnlyForDeploymentPostprocessing = 0;
		};
		D091310719EBDAEF0086C423 /* Sources */ = {
			isa = PBXSourcesBuildPhase;
			buildActionMask = 2147483647;
			files = (
				D091311219EBDAEF0086C423 /* BabyDailyTests.m in Sources */,
			);
			runOnlyForDeploymentPostprocessing = 0;
		};
/* End PBXSourcesBuildPhase section */

/* Begin PBXTargetDependency section */
		D091310D19EBDAEF0086C423 /* PBXTargetDependency */ = {
			isa = PBXTargetDependency;
			target = D09130EE19EBDAEF0086C423 /* BabyDaily */;
			targetProxy = D091310C19EBDAEF0086C423 /* PBXContainerItemProxy */;
		};
/* End PBXTargetDependency section */

/* Begin PBXVariantGroup section */
		D09130FF19EBDAEF0086C423 /* Main.storyboard */ = {
			isa = PBXVariantGroup;
			children = (
				D091310019EBDAEF0086C423 /* Base */,
			);
			name = Main.storyboard;
			sourceTree = "<group>";
		};
		D091310419EBDAEF0086C423 /* LaunchScreen.xib */ = {
			isa = PBXVariantGroup;
			children = (
				D091310519EBDAEF0086C423 /* Base */,
			);
			name = LaunchScreen.xib;
			sourceTree = "<group>";
		};
/* End PBXVariantGroup section */

/* Begin XCBuildConfiguration section */
		D091311319EBDAEF0086C423 /* Debug */ = {
			isa = XCBuildConfiguration;
			buildSettings = {
				ALWAYS_SEARCH_USER_PATHS = NO;
				CLANG_CXX_LANGUAGE_STANDARD = "gnu++0x";
				CLANG_CXX_LIBRARY = "libc++";
				CLANG_ENABLE_MODULES = YES;
				CLANG_ENABLE_OBJC_ARC = YES;
				CLANG_WARN_BOOL_CONVERSION = YES;
				CLANG_WARN_CONSTANT_CONVERSION = YES;
				CLANG_WARN_DIRECT_OBJC_ISA_USAGE = YES_ERROR;
				CLANG_WARN_EMPTY_BODY = YES;
				CLANG_WARN_ENUM_CONVERSION = YES;
				CLANG_WARN_INT_CONVERSION = YES;
				CLANG_WARN_OBJC_ROOT_CLASS = YES_ERROR;
				CLANG_WARN_UNREACHABLE_CODE = YES;
				CLANG_WARN__DUPLICATE_METHOD_MATCH = YES;
				"CODE_SIGN_IDENTITY[sdk=iphoneos*]" = "iPhone Developer";
				COPY_PHASE_STRIP = NO;
				ENABLE_STRICT_OBJC_MSGSEND = YES;
				GCC_C_LANGUAGE_STANDARD = gnu99;
				GCC_DYNAMIC_NO_PIC = NO;
				GCC_OPTIMIZATION_LEVEL = 0;
				GCC_PREPROCESSOR_DEFINITIONS = (
					"DEBUG=1",
					"$(inherited)",
				);
				GCC_SYMBOLS_PRIVATE_EXTERN = NO;
				GCC_WARN_64_TO_32_BIT_CONVERSION = YES;
				GCC_WARN_ABOUT_RETURN_TYPE = YES_ERROR;
				GCC_WARN_UNDECLARED_SELECTOR = YES;
				GCC_WARN_UNINITIALIZED_AUTOS = YES_AGGRESSIVE;
				GCC_WARN_UNUSED_FUNCTION = YES;
				GCC_WARN_UNUSED_VARIABLE = YES;
				IPHONEOS_DEPLOYMENT_TARGET = 8.0;
				MTL_ENABLE_DEBUG_INFO = YES;
				ONLY_ACTIVE_ARCH = YES;
				SDKROOT = iphoneos;
			};
			name = Debug;
		};
		D091311419EBDAEF0086C423 /* Release */ = {
			isa = XCBuildConfiguration;
			buildSettings = {
				ALWAYS_SEARCH_USER_PATHS = NO;
				CLANG_CXX_LANGUAGE_STANDARD = "gnu++0x";
				CLANG_CXX_LIBRARY = "libc++";
				CLANG_ENABLE_MODULES = YES;
				CLANG_ENABLE_OBJC_ARC = YES;
				CLANG_WARN_BOOL_CONVERSION = YES;
				CLANG_WARN_CONSTANT_CONVERSION = YES;
				CLANG_WARN_DIRECT_OBJC_ISA_USAGE = YES_ERROR;
				CLANG_WARN_EMPTY_BODY = YES;
				CLANG_WARN_ENUM_CONVERSION = YES;
				CLANG_WARN_INT_CONVERSION = YES;
				CLANG_WARN_OBJC_ROOT_CLASS = YES_ERROR;
				CLANG_WARN_UNREACHABLE_CODE = YES;
				CLANG_WARN__DUPLICATE_METHOD_MATCH = YES;
				"CODE_SIGN_IDENTITY[sdk=iphoneos*]" = "iPhone Developer";
				COPY_PHASE_STRIP = YES;
				ENABLE_NS_ASSERTIONS = NO;
				ENABLE_STRICT_OBJC_MSGSEND = YES;
				GCC_C_LANGUAGE_STANDARD = gnu99;
				GCC_WARN_64_TO_32_BIT_CONVERSION = YES;
				GCC_WARN_ABOUT_RETURN_TYPE = YES_ERROR;
				GCC_WARN_UNDECLARED_SELECTOR = YES;
				GCC_WARN_UNINITIALIZED_AUTOS = YES_AGGRESSIVE;
				GCC_WARN_UNUSED_FUNCTION = YES;
				GCC_WARN_UNUSED_VARIABLE = YES;
				IPHONEOS_DEPLOYMENT_TARGET = 8.0;
				MTL_ENABLE_DEBUG_INFO = NO;
				SDKROOT = iphoneos;
				VALIDATE_PRODUCT = YES;
			};
			name = Release;
		};
		D091311619EBDAEF0086C423 /* Debug */ = {
			isa = XCBuildConfiguration;
			buildSettings = {
				ASSETCATALOG_COMPILER_APPICON_NAME = AppIcon;
				FRAMEWORK_SEARCH_PATHS = (
					"$(inherited)",
					"$(PROJECT_DIR)",
					"$(PROJECT_DIR)/Realm",
				);
				INFOPLIST_FILE = BabyDaily/Info.plist;
				IPHONEOS_DEPLOYMENT_TARGET = 8.0;
				LD_RUNPATH_SEARCH_PATHS = "$(inherited) @executable_path/Frameworks";
				PRODUCT_NAME = "$(TARGET_NAME)";
			};
			name = Debug;
		};
		D091311719EBDAEF0086C423 /* Release */ = {
			isa = XCBuildConfiguration;
			buildSettings = {
				ASSETCATALOG_COMPILER_APPICON_NAME = AppIcon;
				FRAMEWORK_SEARCH_PATHS = (
					"$(inherited)",
					"$(PROJECT_DIR)",
					"$(PROJECT_DIR)/Realm",
				);
				INFOPLIST_FILE = BabyDaily/Info.plist;
				IPHONEOS_DEPLOYMENT_TARGET = 8.0;
				LD_RUNPATH_SEARCH_PATHS = "$(inherited) @executable_path/Frameworks";
				PRODUCT_NAME = "$(TARGET_NAME)";
			};
			name = Release;
		};
		D091311919EBDAEF0086C423 /* Debug */ = {
			isa = XCBuildConfiguration;
			buildSettings = {
				BUNDLE_LOADER = "$(TEST_HOST)";
				FRAMEWORK_SEARCH_PATHS = (
					"$(SDKROOT)/Developer/Library/Frameworks",
					"$(inherited)",
				);
				GCC_PREPROCESSOR_DEFINITIONS = (
					"DEBUG=1",
					"$(inherited)",
				);
				INFOPLIST_FILE = BabyDailyTests/Info.plist;
				LD_RUNPATH_SEARCH_PATHS = "$(inherited) @executable_path/Frameworks @loader_path/Frameworks";
				PRODUCT_NAME = "$(TARGET_NAME)";
				TEST_HOST = "$(BUILT_PRODUCTS_DIR)/BabyDaily.app/BabyDaily";
			};
			name = Debug;
		};
		D091311A19EBDAEF0086C423 /* Release */ = {
			isa = XCBuildConfiguration;
			buildSettings = {
				BUNDLE_LOADER = "$(TEST_HOST)";
				FRAMEWORK_SEARCH_PATHS = (
					"$(SDKROOT)/Developer/Library/Frameworks",
					"$(inherited)",
				);
				INFOPLIST_FILE = BabyDailyTests/Info.plist;
				LD_RUNPATH_SEARCH_PATHS = "$(inherited) @executable_path/Frameworks @loader_path/Frameworks";
				PRODUCT_NAME = "$(TARGET_NAME)";
				TEST_HOST = "$(BUILT_PRODUCTS_DIR)/BabyDaily.app/BabyDaily";
			};
			name = Release;
		};
/* End XCBuildConfiguration section */

/* Begin XCConfigurationList section */
		D09130EA19EBDAEF0086C423 /* Build configuration list for PBXProject "BabyDaily" */ = {
			isa = XCConfigurationList;
			buildConfigurations = (
				D091311319EBDAEF0086C423 /* Debug */,
				D091311419EBDAEF0086C423 /* Release */,
			);
			defaultConfigurationIsVisible = 0;
			defaultConfigurationName = Release;
		};
		D091311519EBDAEF0086C423 /* Build configuration list for PBXNativeTarget "BabyDaily" */ = {
			isa = XCConfigurationList;
			buildConfigurations = (
				D091311619EBDAEF0086C423 /* Debug */,
				D091311719EBDAEF0086C423 /* Release */,
			);
			defaultConfigurationIsVisible = 0;
			defaultConfigurationName = Release;
		};
		D091311819EBDAEF0086C423 /* Build configuration list for PBXNativeTarget "BabyDailyTests" */ = {
			isa = XCConfigurationList;
			buildConfigurations = (
				D091311919EBDAEF0086C423 /* Debug */,
				D091311A19EBDAEF0086C423 /* Release */,
			);
			defaultConfigurationIsVisible = 0;
			defaultConfigurationName = Release;
		};
/* End XCConfigurationList section */
	};
	rootObject = D09130E719EBDAEF0086C423 /* Project object */;
}
